// !$*UTF8*$!
{
	archiveVersion = 1;
	classes = {
	};
	objectVersion = 51;
	objects = {

/* Begin PBXBuildFile section */
		3D0C53FA23B245100086D2EA /* KeywordsScrollView.swift in Sources */ = {isa = PBXBuildFile; fileRef = 3D0C53F923B245100086D2EA /* KeywordsScrollView.swift */; };
		3D0D764C23B517EE00CFFEA5 /* InviteKeyHandler.swift in Sources */ = {isa = PBXBuildFile; fileRef = 3D0D764B23B517EE00CFFEA5 /* InviteKeyHandler.swift */; };
		3D0D764E23B51A6500CFFEA5 /* ExternalAccessory.framework in Frameworks */ = {isa = PBXBuildFile; fileRef = 3D0D764D23B51A6500CFFEA5 /* ExternalAccessory.framework */; };
		3D0D765023B6472F00CFFEA5 /* DateTimeUtil.swift in Sources */ = {isa = PBXBuildFile; fileRef = 3D0D764F23B6472F00CFFEA5 /* DateTimeUtil.swift */; };
		3D2E48FB23A6694D00DE59A2 /* PersonalViewController.swift in Sources */ = {isa = PBXBuildFile; fileRef = 3D2E48FA23A6694D00DE59A2 /* PersonalViewController.swift */; };
		3D2E48FF23A66B7500DE59A2 /* PersonalCell.swift in Sources */ = {isa = PBXBuildFile; fileRef = 3D2E48FD23A66B7500DE59A2 /* PersonalCell.swift */; };
		3D2E490023A66B7500DE59A2 /* PersonalCell.xib in Resources */ = {isa = PBXBuildFile; fileRef = 3D2E48FE23A66B7500DE59A2 /* PersonalCell.xib */; };
		3D2E490323A6770900DE59A2 /* EditPasswordVC.swift in Sources */ = {isa = PBXBuildFile; fileRef = 3D2E490123A6770900DE59A2 /* EditPasswordVC.swift */; };
		3D2E490423A6770900DE59A2 /* EditPasswordVC.xib in Resources */ = {isa = PBXBuildFile; fileRef = 3D2E490223A6770900DE59A2 /* EditPasswordVC.xib */; };
		3D2E491023A7D8BE00DE59A2 /* Global.swift in Sources */ = {isa = PBXBuildFile; fileRef = 3D2E490F23A7D8BE00DE59A2 /* Global.swift */; };
		3D2E491323A7DB7900DE59A2 /* CategoryViewController.swift in Sources */ = {isa = PBXBuildFile; fileRef = 3D2E491223A7DB7900DE59A2 /* CategoryViewController.swift */; };
		3D2E491723A7DE7900DE59A2 /* BigCategoryCell.swift in Sources */ = {isa = PBXBuildFile; fileRef = 3D2E491523A7DE7900DE59A2 /* BigCategoryCell.swift */; };
		3D2E491823A7DE7900DE59A2 /* BigCategoryCell.xib in Resources */ = {isa = PBXBuildFile; fileRef = 3D2E491623A7DE7900DE59A2 /* BigCategoryCell.xib */; };
		3D2E491A23A7E06C00DE59A2 /* UIColor+Category.swift in Sources */ = {isa = PBXBuildFile; fileRef = 3D2E491923A7E06C00DE59A2 /* UIColor+Category.swift */; };
		3D2E491D23A7E0EF00DE59A2 /* SmallCategoryCell.swift in Sources */ = {isa = PBXBuildFile; fileRef = 3D2E491B23A7E0EF00DE59A2 /* SmallCategoryCell.swift */; };
		3D2E491E23A7E0EF00DE59A2 /* SmallCategoryCell.xib in Resources */ = {isa = PBXBuildFile; fileRef = 3D2E491C23A7E0EF00DE59A2 /* SmallCategoryCell.xib */; };
		3D6D585C23AA761F00AF718A /* CollectedViewController.swift in Sources */ = {isa = PBXBuildFile; fileRef = 3D6D585A23AA761F00AF718A /* CollectedViewController.swift */; };
		3D6D585D23AA761F00AF718A /* CollectedViewController.xib in Resources */ = {isa = PBXBuildFile; fileRef = 3D6D585B23AA761F00AF718A /* CollectedViewController.xib */; };
		3D6D586123AA79C300AF718A /* RecycleViewController.swift in Sources */ = {isa = PBXBuildFile; fileRef = 3D6D585F23AA79C300AF718A /* RecycleViewController.swift */; };
		3D6D586223AA79C300AF718A /* RecycleViewController.xib in Resources */ = {isa = PBXBuildFile; fileRef = 3D6D586023AA79C300AF718A /* RecycleViewController.xib */; };
		3D6D586623AA7DF700AF718A /* InvateViewController.swift in Sources */ = {isa = PBXBuildFile; fileRef = 3D6D586423AA7DF700AF718A /* InvateViewController.swift */; };
		3D6D586723AA7DF700AF718A /* InvateViewController.xib in Resources */ = {isa = PBXBuildFile; fileRef = 3D6D586523AA7DF700AF718A /* InvateViewController.xib */; };
		3D78FA0423ABD33500427FF7 /* EditPopView.swift in Sources */ = {isa = PBXBuildFile; fileRef = 3D78FA0323ABD33500427FF7 /* EditPopView.swift */; };
		3D78FA0623ABD34100427FF7 /* EditPopView.xib in Resources */ = {isa = PBXBuildFile; fileRef = 3D78FA0523ABD34100427FF7 /* EditPopView.xib */; };
		3DB2E19A23AFA60300684653 /* TreasureDetailVC.swift in Sources */ = {isa = PBXBuildFile; fileRef = 3DB2E19823AFA60300684653 /* TreasureDetailVC.swift */; };
		3DB2E19B23AFA60300684653 /* TreasureDetailVC.xib in Resources */ = {isa = PBXBuildFile; fileRef = 3DB2E19923AFA60300684653 /* TreasureDetailVC.xib */; };
		3DC81A8B23B3BC360050FDD2 /* ShareView.swift in Sources */ = {isa = PBXBuildFile; fileRef = 3DC81A8A23B3BC360050FDD2 /* ShareView.swift */; };
		3DC81A8D23B3BC460050FDD2 /* ShareView.xib in Resources */ = {isa = PBXBuildFile; fileRef = 3DC81A8C23B3BC460050FDD2 /* ShareView.xib */; };
		3DC81A9123B3BFB90050FDD2 /* StatisticsVC.swift in Sources */ = {isa = PBXBuildFile; fileRef = 3DC81A8F23B3BFB90050FDD2 /* StatisticsVC.swift */; };
		3DC81A9223B3BFB90050FDD2 /* StatisticsVC.xib in Resources */ = {isa = PBXBuildFile; fileRef = 3DC81A9023B3BFB90050FDD2 /* StatisticsVC.xib */; };
		482ECB2F23AA583F00BFB839 /* MultiInputView.swift in Sources */ = {isa = PBXBuildFile; fileRef = 482ECB2E23AA583F00BFB839 /* MultiInputView.swift */; };
		482ECB3123AA585400BFB839 /* MultiInputView.xib in Resources */ = {isa = PBXBuildFile; fileRef = 482ECB3023AA585400BFB839 /* MultiInputView.xib */; };
		482ECB3323AA66A500BFB839 /* SwitchSubview.swift in Sources */ = {isa = PBXBuildFile; fileRef = 482ECB3223AA66A500BFB839 /* SwitchSubview.swift */; };
		482ECB3523AA66C700BFB839 /* SwitchSubview.xib in Resources */ = {isa = PBXBuildFile; fileRef = 482ECB3423AA66C700BFB839 /* SwitchSubview.xib */; };
		482ECB3623AA96CB00BFB839 /* ImageConstants.swift in Sources */ = {isa = PBXBuildFile; fileRef = 48DF59E0239C90C80086B352 /* ImageConstants.swift */; };
		482ECB3823ABD0F600BFB839 /* HUDHandler.swift in Sources */ = {isa = PBXBuildFile; fileRef = 482ECB3723ABD0F600BFB839 /* HUDHandler.swift */; };
		4847D7AA23ADD6DD0068550D /* selectedTags.plist in Resources */ = {isa = PBXBuildFile; fileRef = 4847D7A823ADD6DD0068550D /* selectedTags.plist */; };
		4847D7AB23ADD6DD0068550D /* tags.plist in Resources */ = {isa = PBXBuildFile; fileRef = 4847D7A923ADD6DD0068550D /* tags.plist */; };
		484CA16C23994ECF00207662 /* SearchBarView.swift in Sources */ = {isa = PBXBuildFile; fileRef = 484CA16A23994ECF00207662 /* SearchBarView.swift */; };
		484CA16D23994ECF00207662 /* SearchBarView.xib in Resources */ = {isa = PBXBuildFile; fileRef = 484CA16B23994ECF00207662 /* SearchBarView.xib */; };
		484CA16F23994F0800207662 /* ListFilterView.xib in Resources */ = {isa = PBXBuildFile; fileRef = 484CA16E23994F0800207662 /* ListFilterView.xib */; };
		484CA17123994F2500207662 /* ListFilterView.swift in Sources */ = {isa = PBXBuildFile; fileRef = 484CA17023994F2500207662 /* ListFilterView.swift */; };
		484CA175239B3CA500207662 /* SortYearItem.xib in Resources */ = {isa = PBXBuildFile; fileRef = 484CA174239B3CA500207662 /* SortYearItem.xib */; };
		487455CF23993FD6002AFBF7 /* UISizeConstants.swift in Sources */ = {isa = PBXBuildFile; fileRef = 487455CE23993FD6002AFBF7 /* UISizeConstants.swift */; };
		487455D023993FD6002AFBF7 /* UISizeConstants.swift in Sources */ = {isa = PBXBuildFile; fileRef = 487455CE23993FD6002AFBF7 /* UISizeConstants.swift */; };
		48AA8460239CD71500A81C9F /* TreasureListCell.swift in Sources */ = {isa = PBXBuildFile; fileRef = 48AA845E239CD71500A81C9F /* TreasureListCell.swift */; };
		48AA8461239CD71500A81C9F /* TreasureListCell.xib in Resources */ = {isa = PBXBuildFile; fileRef = 48AA845F239CD71500A81C9F /* TreasureListCell.xib */; };
		48AA8463239CDF7100A81C9F /* TreasureSearchHandler.swift in Sources */ = {isa = PBXBuildFile; fileRef = 48AA8462239CDF7100A81C9F /* TreasureSearchHandler.swift */; };
		48AA8464239CDF7700A81C9F /* TreasureSearchHandler.swift in Sources */ = {isa = PBXBuildFile; fileRef = 48AA8462239CDF7100A81C9F /* TreasureSearchHandler.swift */; };
		48AA8469239CE0C500A81C9F /* DBTest.swift in Sources */ = {isa = PBXBuildFile; fileRef = 48AA8468239CE0C500A81C9F /* DBTest.swift */; };
		48AA846A239CE12000A81C9F /* DatabaseHandler.swift in Sources */ = {isa = PBXBuildFile; fileRef = 55B22B69239755D800B738B7 /* DatabaseHandler.swift */; };
		48AA846B239CE12000A81C9F /* SecondCategoryTable.swift in Sources */ = {isa = PBXBuildFile; fileRef = 55B22B6A239755D800B738B7 /* SecondCategoryTable.swift */; };
		48AA846C239CE12000A81C9F /* FirstCategoryTable.swift in Sources */ = {isa = PBXBuildFile; fileRef = 55B22B6B239755D800B738B7 /* FirstCategoryTable.swift */; };
		48AA846D239CE12000A81C9F /* DBConstants.swift in Sources */ = {isa = PBXBuildFile; fileRef = 55B22B6C239755D800B738B7 /* DBConstants.swift */; };
		48AA846E239CE12000A81C9F /* TreasuresTable.swift in Sources */ = {isa = PBXBuildFile; fileRef = 55B22B6D239755D800B738B7 /* TreasuresTable.swift */; };
		48AA8470239CE89C00A81C9F /* TreasureRepository.swift in Sources */ = {isa = PBXBuildFile; fileRef = 48AA846F239CE89C00A81C9F /* TreasureRepository.swift */; };
		48AA8471239CE89C00A81C9F /* TreasureRepository.swift in Sources */ = {isa = PBXBuildFile; fileRef = 48AA846F239CE89C00A81C9F /* TreasureRepository.swift */; };
		48AA8473239CEB6E00A81C9F /* Queryable.swift in Sources */ = {isa = PBXBuildFile; fileRef = 48AA8472239CEB6E00A81C9F /* Queryable.swift */; };
		48AA8474239CEB6E00A81C9F /* Queryable.swift in Sources */ = {isa = PBXBuildFile; fileRef = 48AA8472239CEB6E00A81C9F /* Queryable.swift */; };
		48C4BA6A23B4FA74001CA6D4 /* CategoryFilterView.swift in Sources */ = {isa = PBXBuildFile; fileRef = 48C4BA6923B4FA74001CA6D4 /* CategoryFilterView.swift */; };
		48C4BA6C23B4FA80001CA6D4 /* CategoryFilterView.xib in Resources */ = {isa = PBXBuildFile; fileRef = 48C4BA6B23B4FA80001CA6D4 /* CategoryFilterView.xib */; };
		48C4BA7023B64657001CA6D4 /* SortPriceItem.xib in Resources */ = {isa = PBXBuildFile; fileRef = 48C4BA6F23B64657001CA6D4 /* SortPriceItem.xib */; };
		48C4BA7223B64988001CA6D4 /* KeywordFilterView.xib in Resources */ = {isa = PBXBuildFile; fileRef = 48C4BA7123B64988001CA6D4 /* KeywordFilterView.xib */; };
		48DF59D2239B47EB0086B352 /* SortedItem.swift in Sources */ = {isa = PBXBuildFile; fileRef = 48DF59D1239B47EB0086B352 /* SortedItem.swift */; };
		48DF59D6239BDF9D0086B352 /* KeywordItem.xib in Resources */ = {isa = PBXBuildFile; fileRef = 48DF59D5239BDF9D0086B352 /* KeywordItem.xib */; };
		48DF59D9239BE3060086B352 /* PropertyItem.swift in Sources */ = {isa = PBXBuildFile; fileRef = 48DF59D8239BE3060086B352 /* PropertyItem.swift */; };
		48DF59DB239BE4200086B352 /* PropertyItem.xib in Resources */ = {isa = PBXBuildFile; fileRef = 48DF59DA239BE4200086B352 /* PropertyItem.xib */; };
		48DF59DD239C87420086B352 /* CategoryItem.swift in Sources */ = {isa = PBXBuildFile; fileRef = 48DF59DC239C87420086B352 /* CategoryItem.swift */; };
		48DF59DF239C87680086B352 /* CategoryItem.xib in Resources */ = {isa = PBXBuildFile; fileRef = 48DF59DE239C87680086B352 /* CategoryItem.xib */; };
		48DF59E1239C90C80086B352 /* ImageConstants.swift in Sources */ = {isa = PBXBuildFile; fileRef = 48DF59E0239C90C80086B352 /* ImageConstants.swift */; };
		48DF59E3239C99F30086B352 /* FilterPreference.swift in Sources */ = {isa = PBXBuildFile; fileRef = 48DF59E2239C99F30086B352 /* FilterPreference.swift */; };
		48DF59E6239CA07F0086B352 /* OrderRule.swift in Sources */ = {isa = PBXBuildFile; fileRef = 48DF59E5239CA07F0086B352 /* OrderRule.swift */; };
		48EF5C7A23A2846900A0E8B1 /* AddImagesSubview.swift in Sources */ = {isa = PBXBuildFile; fileRef = 48EF5C7923A2846900A0E8B1 /* AddImagesSubview.swift */; };
		48EF5C7C23A284D300A0E8B1 /* ChooseCategorySubview.swift in Sources */ = {isa = PBXBuildFile; fileRef = 48EF5C7B23A284D300A0E8B1 /* ChooseCategorySubview.swift */; };
		48EF5C8023A286B200A0E8B1 /* InputSubview.swift in Sources */ = {isa = PBXBuildFile; fileRef = 48EF5C7F23A286B200A0E8B1 /* InputSubview.swift */; };
		48EF5C8223A2871D00A0E8B1 /* AddImagesSubview.xib in Resources */ = {isa = PBXBuildFile; fileRef = 48EF5C8123A2871D00A0E8B1 /* AddImagesSubview.xib */; };
		48FA4FE123A7BFF1005DA01A /* CategoryRepo.swift in Sources */ = {isa = PBXBuildFile; fileRef = 48FA4FDF23A7BE53005DA01A /* CategoryRepo.swift */; };
		48FA4FE223A7BFFC005DA01A /* CategoryRepo.swift in Sources */ = {isa = PBXBuildFile; fileRef = 48FA4FDF23A7BE53005DA01A /* CategoryRepo.swift */; };
		48FA4FE423A7D640005DA01A /* CategoryDTO.swift in Sources */ = {isa = PBXBuildFile; fileRef = 48FA4FE323A7D640005DA01A /* CategoryDTO.swift */; };
		48FA4FE523A7D640005DA01A /* CategoryDTO.swift in Sources */ = {isa = PBXBuildFile; fileRef = 48FA4FE323A7D640005DA01A /* CategoryDTO.swift */; };
		48FA4FE723A7D912005DA01A /* CategoryPickerView.swift in Sources */ = {isa = PBXBuildFile; fileRef = 48FA4FE623A7D912005DA01A /* CategoryPickerView.swift */; };
		48FB48CE239D1654005BF6B6 /* FilterPreference.swift in Sources */ = {isa = PBXBuildFile; fileRef = 48DF59E2239C99F30086B352 /* FilterPreference.swift */; };
		48FB48CF239D168D005BF6B6 /* OrderRule.swift in Sources */ = {isa = PBXBuildFile; fileRef = 48DF59E5239CA07F0086B352 /* OrderRule.swift */; };
		48FB48D1239D2970005BF6B6 /* PathHandler.swift in Sources */ = {isa = PBXBuildFile; fileRef = 48FB48D0239D2970005BF6B6 /* PathHandler.swift */; };
		48FB48D2239D2970005BF6B6 /* PathHandler.swift in Sources */ = {isa = PBXBuildFile; fileRef = 48FB48D0239D2970005BF6B6 /* PathHandler.swift */; };
		48FB48D3239D2E10005BF6B6 /* Assets.xcassets in Resources */ = {isa = PBXBuildFile; fileRef = 55B22B4F2397539800B738B7 /* Assets.xcassets */; };
		552CC57A23A35E8600D14F21 /* firstCategory.json in Resources */ = {isa = PBXBuildFile; fileRef = 552CC57923A35E8600D14F21 /* firstCategory.json */; };
		552CC57C23A35E8E00D14F21 /* secondCategory.json in Resources */ = {isa = PBXBuildFile; fileRef = 552CC57B23A35E8E00D14F21 /* secondCategory.json */; };
		552CC57E23A37FB400D14F21 /* TreasureListSearchDTO.swift in Sources */ = {isa = PBXBuildFile; fileRef = 552CC57D23A37FB400D14F21 /* TreasureListSearchDTO.swift */; };
		552CC57F23A37FB400D14F21 /* TreasureListSearchDTO.swift in Sources */ = {isa = PBXBuildFile; fileRef = 552CC57D23A37FB400D14F21 /* TreasureListSearchDTO.swift */; };
		552CC58223A392FB00D14F21 /* EditTreasureForm.swift in Sources */ = {isa = PBXBuildFile; fileRef = 552CC58123A392FB00D14F21 /* EditTreasureForm.swift */; };
		552CC58323A392FB00D14F21 /* EditTreasureForm.swift in Sources */ = {isa = PBXBuildFile; fileRef = 552CC58123A392FB00D14F21 /* EditTreasureForm.swift */; };
		552CC58523A393DF00D14F21 /* Category.swift in Sources */ = {isa = PBXBuildFile; fileRef = 552CC58423A393DF00D14F21 /* Category.swift */; };
		552CC58623A393DF00D14F21 /* Category.swift in Sources */ = {isa = PBXBuildFile; fileRef = 552CC58423A393DF00D14F21 /* Category.swift */; };
		552CC58823A393F600D14F21 /* Size.swift in Sources */ = {isa = PBXBuildFile; fileRef = 552CC58723A393F600D14F21 /* Size.swift */; };
		552CC58923A393F600D14F21 /* Size.swift in Sources */ = {isa = PBXBuildFile; fileRef = 552CC58723A393F600D14F21 /* Size.swift */; };
		552CC58B23A3BD7D00D14F21 /* TreasureDetailDTO.swift in Sources */ = {isa = PBXBuildFile; fileRef = 552CC58A23A3BD7D00D14F21 /* TreasureDetailDTO.swift */; };
		552CC58C23A3BD7D00D14F21 /* TreasureDetailDTO.swift in Sources */ = {isa = PBXBuildFile; fileRef = 552CC58A23A3BD7D00D14F21 /* TreasureDetailDTO.swift */; };
		553948CA23B6113300793921 /* KeywordFilterView.swift in Sources */ = {isa = PBXBuildFile; fileRef = 553948C923B6113300793921 /* KeywordFilterView.swift */; };
		553948CC23B6115700793921 /* KeywordItem.swift in Sources */ = {isa = PBXBuildFile; fileRef = 553948CB23B6115700793921 /* KeywordItem.swift */; };
		5548C58523B5D14F00A3D10C /* InviteCodeUtils.swift in Sources */ = {isa = PBXBuildFile; fileRef = 5548C58423B5D14F00A3D10C /* InviteCodeUtils.swift */; };
		5548C58723B5D2B900A3D10C /* InviteCodeUtils.swift in Sources */ = {isa = PBXBuildFile; fileRef = 5548C58423B5D14F00A3D10C /* InviteCodeUtils.swift */; };
		5548C58923B5E47400A3D10C /* KeywordsTable.swift in Sources */ = {isa = PBXBuildFile; fileRef = 5548C58823B5E47400A3D10C /* KeywordsTable.swift */; };
		5548C58A23B5E47400A3D10C /* KeywordsTable.swift in Sources */ = {isa = PBXBuildFile; fileRef = 5548C58823B5E47400A3D10C /* KeywordsTable.swift */; };
		5548C58C23B5E52C00A3D10C /* KeywordsRepo.swift in Sources */ = {isa = PBXBuildFile; fileRef = 5548C58B23B5E52C00A3D10C /* KeywordsRepo.swift */; };
		5548C58D23B5E52C00A3D10C /* KeywordsRepo.swift in Sources */ = {isa = PBXBuildFile; fileRef = 5548C58B23B5E52C00A3D10C /* KeywordsRepo.swift */; };
		55AD672A23A8CBB300C0E5EB /* CategoryPickerView.xib in Resources */ = {isa = PBXBuildFile; fileRef = 55AD672923A8CBB300C0E5EB /* CategoryPickerView.xib */; };
		55AD672C23A8E24000C0E5EB /* ChooseCategorySubview.xib in Resources */ = {isa = PBXBuildFile; fileRef = 55AD672B23A8E24000C0E5EB /* ChooseCategorySubview.xib */; };
		55AD672E23AA315500C0E5EB /* InputSubview.xib in Resources */ = {isa = PBXBuildFile; fileRef = 55AD672D23AA315500C0E5EB /* InputSubview.xib */; };
		55AD676E23AC83C200C0E5EB /* NSAttributedString+calculate.m in Sources */ = {isa = PBXBuildFile; fileRef = 55AD675623AC83C200C0E5EB /* NSAttributedString+calculate.m */; };
		55AD676F23AC83C200C0E5EB /* NSString+calculate.m in Sources */ = {isa = PBXBuildFile; fileRef = 55AD675923AC83C200C0E5EB /* NSString+calculate.m */; };
		55AD677023AC83C200C0E5EB /* JFInputBubbleItem.m in Sources */ = {isa = PBXBuildFile; fileRef = 55AD675B23AC83C200C0E5EB /* JFInputBubbleItem.m */; };
		55AD677123AC83C200C0E5EB /* JFBubbleItem.m in Sources */ = {isa = PBXBuildFile; fileRef = 55AD675E23AC83C200C0E5EB /* JFBubbleItem.m */; };
		55AD677223AC83C200C0E5EB /* JFBubbleView.m in Sources */ = {isa = PBXBuildFile; fileRef = 55AD676423AC83C200C0E5EB /* JFBubbleView.m */; };
		55AD677323AC83C200C0E5EB /* JFSelectBubbleView.m in Sources */ = {isa = PBXBuildFile; fileRef = 55AD676523AC83C200C0E5EB /* JFSelectBubbleView.m */; };
		55AD677423AC83C200C0E5EB /* JFEditBubbleView.m in Sources */ = {isa = PBXBuildFile; fileRef = 55AD676623AC83C200C0E5EB /* JFEditBubbleView.m */; };
		55AD677523AC83C200C0E5EB /* DemoSelectBubbleView.m in Sources */ = {isa = PBXBuildFile; fileRef = 55AD676A23AC83C200C0E5EB /* DemoSelectBubbleView.m */; };
		55AD677623AC83C200C0E5EB /* JFBubbleViewController.m in Sources */ = {isa = PBXBuildFile; fileRef = 55AD676B23AC83C200C0E5EB /* JFBubbleViewController.m */; };
		55AD677723AC83C200C0E5EB /* DemoEditBubbleView.m in Sources */ = {isa = PBXBuildFile; fileRef = 55AD676C23AC83C200C0E5EB /* DemoEditBubbleView.m */; };
		55AD677923B302B800C0E5EB /* SecondCategoryVO.swift in Sources */ = {isa = PBXBuildFile; fileRef = 55AD677823B302B800C0E5EB /* SecondCategoryVO.swift */; };
		55AD677A23B302B800C0E5EB /* SecondCategoryVO.swift in Sources */ = {isa = PBXBuildFile; fileRef = 55AD677823B302B800C0E5EB /* SecondCategoryVO.swift */; };
		55AD677D23B3B41C00C0E5EB /* CountVO.swift in Sources */ = {isa = PBXBuildFile; fileRef = 55AD677C23B3B41B00C0E5EB /* CountVO.swift */; };
		55AD677E23B3B41C00C0E5EB /* CountVO.swift in Sources */ = {isa = PBXBuildFile; fileRef = 55AD677C23B3B41B00C0E5EB /* CountVO.swift */; };
		55B22B472397539500B738B7 /* AppDelegate.swift in Sources */ = {isa = PBXBuildFile; fileRef = 55B22B462397539500B738B7 /* AppDelegate.swift */; };
		55B22B492397539500B738B7 /* SceneDelegate.swift in Sources */ = {isa = PBXBuildFile; fileRef = 55B22B482397539500B738B7 /* SceneDelegate.swift */; };
		55B22B4B2397539500B738B7 /* LoginController.swift in Sources */ = {isa = PBXBuildFile; fileRef = 55B22B4A2397539500B738B7 /* LoginController.swift */; };
		55B22B4E2397539500B738B7 /* Main.storyboard in Resources */ = {isa = PBXBuildFile; fileRef = 55B22B4C2397539500B738B7 /* Main.storyboard */; };
		55B22B502397539800B738B7 /* Assets.xcassets in Resources */ = {isa = PBXBuildFile; fileRef = 55B22B4F2397539800B738B7 /* Assets.xcassets */; };
		55B22B532397539800B738B7 /* LaunchScreen.storyboard in Resources */ = {isa = PBXBuildFile; fileRef = 55B22B512397539800B738B7 /* LaunchScreen.storyboard */; };
		55B22B5E2397539800B738B7 /* TreasuresTests.swift in Sources */ = {isa = PBXBuildFile; fileRef = 55B22B5D2397539800B738B7 /* TreasuresTests.swift */; };
		55B22B73239755D800B738B7 /* DatabaseHandler.swift in Sources */ = {isa = PBXBuildFile; fileRef = 55B22B69239755D800B738B7 /* DatabaseHandler.swift */; };
		55B22B74239755D800B738B7 /* SecondCategoryTable.swift in Sources */ = {isa = PBXBuildFile; fileRef = 55B22B6A239755D800B738B7 /* SecondCategoryTable.swift */; };
		55B22B75239755D800B738B7 /* FirstCategoryTable.swift in Sources */ = {isa = PBXBuildFile; fileRef = 55B22B6B239755D800B738B7 /* FirstCategoryTable.swift */; };
		55B22B76239755D800B738B7 /* DBConstants.swift in Sources */ = {isa = PBXBuildFile; fileRef = 55B22B6C239755D800B738B7 /* DBConstants.swift */; };
		55B22B77239755D800B738B7 /* TreasuresTable.swift in Sources */ = {isa = PBXBuildFile; fileRef = 55B22B6D239755D800B738B7 /* TreasuresTable.swift */; };
		55B22B7A239755D800B738B7 /* FontConstants.swift in Sources */ = {isa = PBXBuildFile; fileRef = 55B22B72239755D800B738B7 /* FontConstants.swift */; };
		55B366BF23975B44008F32D6 /* TreasureListController.swift in Sources */ = {isa = PBXBuildFile; fileRef = 55B366BD23975B44008F32D6 /* TreasureListController.swift */; };
		55B366C723976C64008F32D6 /* EditController.swift in Sources */ = {isa = PBXBuildFile; fileRef = 55B366C523976C64008F32D6 /* EditController.swift */; };
		55B366C823976C64008F32D6 /* EditController.xib in Resources */ = {isa = PBXBuildFile; fileRef = 55B366C623976C64008F32D6 /* EditController.xib */; };
		55B366CB23976D9F008F32D6 /* RootTabController.swift in Sources */ = {isa = PBXBuildFile; fileRef = 55B366C923976D9F008F32D6 /* RootTabController.swift */; };
		55B366D223977858008F32D6 /* ViewController.swift in Sources */ = {isa = PBXBuildFile; fileRef = 55B366D123977858008F32D6 /* ViewController.swift */; };
		55B366D4239CD2B2008F32D6 /* podfile in Resources */ = {isa = PBXBuildFile; fileRef = 55B366D3239CD2B1008F32D6 /* podfile */; };
		8E043E8D798105F7A57A5E9D /* Pods_TreasuresTests.framework in Frameworks */ = {isa = PBXBuildFile; fileRef = 21D04279D2E29DAD145417BC /* Pods_TreasuresTests.framework */; };
		9F57E87D3C11AA9D71E13110 /* Pods_Treasures.framework in Frameworks */ = {isa = PBXBuildFile; fileRef = B15FD8E1B6571064B8BE8E2C /* Pods_Treasures.framework */; };
/* End PBXBuildFile section */

/* Begin PBXContainerItemProxy section */
		55B22B5A2397539800B738B7 /* PBXContainerItemProxy */ = {
			isa = PBXContainerItemProxy;
			containerPortal = 55B22B3B2397539500B738B7 /* Project object */;
			proxyType = 1;
			remoteGlobalIDString = 55B22B422397539500B738B7;
			remoteInfo = Treasures;
		};
/* End PBXContainerItemProxy section */

/* Begin PBXFileReference section */
		060206CB9AA19A20FD163988 /* Pods-Treasures.debug.xcconfig */ = {isa = PBXFileReference; includeInIndex = 1; lastKnownFileType = text.xcconfig; name = "Pods-Treasures.debug.xcconfig"; path = "Target Support Files/Pods-Treasures/Pods-Treasures.debug.xcconfig"; sourceTree = "<group>"; };
		108FC4269D72CCE6914D92A7 /* Pods-TreasuresTests.release.xcconfig */ = {isa = PBXFileReference; includeInIndex = 1; lastKnownFileType = text.xcconfig; name = "Pods-TreasuresTests.release.xcconfig"; path = "Target Support Files/Pods-TreasuresTests/Pods-TreasuresTests.release.xcconfig"; sourceTree = "<group>"; };
		21D04279D2E29DAD145417BC /* Pods_TreasuresTests.framework */ = {isa = PBXFileReference; explicitFileType = wrapper.framework; includeInIndex = 0; path = Pods_TreasuresTests.framework; sourceTree = BUILT_PRODUCTS_DIR; };
		3D0C53F923B245100086D2EA /* KeywordsScrollView.swift */ = {isa = PBXFileReference; lastKnownFileType = sourcecode.swift; path = KeywordsScrollView.swift; sourceTree = "<group>"; };
		3D0D764A23B514A100CFFEA5 /* 收藏管家.entitlements */ = {isa = PBXFileReference; lastKnownFileType = text.plist.entitlements; path = "收藏管家.entitlements"; sourceTree = "<group>"; };
		3D0D764B23B517EE00CFFEA5 /* InviteKeyHandler.swift */ = {isa = PBXFileReference; lastKnownFileType = sourcecode.swift; path = InviteKeyHandler.swift; sourceTree = "<group>"; };
		3D0D764D23B51A6500CFFEA5 /* ExternalAccessory.framework */ = {isa = PBXFileReference; lastKnownFileType = wrapper.framework; name = ExternalAccessory.framework; path = System/Library/Frameworks/ExternalAccessory.framework; sourceTree = SDKROOT; };
		3D0D764F23B6472F00CFFEA5 /* DateTimeUtil.swift */ = {isa = PBXFileReference; fileEncoding = 4; lastKnownFileType = sourcecode.swift; path = DateTimeUtil.swift; sourceTree = "<group>"; };
		3D2E48FA23A6694D00DE59A2 /* PersonalViewController.swift */ = {isa = PBXFileReference; lastKnownFileType = sourcecode.swift; path = PersonalViewController.swift; sourceTree = "<group>"; };
		3D2E48FD23A66B7500DE59A2 /* PersonalCell.swift */ = {isa = PBXFileReference; lastKnownFileType = sourcecode.swift; path = PersonalCell.swift; sourceTree = "<group>"; };
		3D2E48FE23A66B7500DE59A2 /* PersonalCell.xib */ = {isa = PBXFileReference; lastKnownFileType = file.xib; path = PersonalCell.xib; sourceTree = "<group>"; };
		3D2E490123A6770900DE59A2 /* EditPasswordVC.swift */ = {isa = PBXFileReference; lastKnownFileType = sourcecode.swift; path = EditPasswordVC.swift; sourceTree = "<group>"; };
		3D2E490223A6770900DE59A2 /* EditPasswordVC.xib */ = {isa = PBXFileReference; lastKnownFileType = file.xib; path = EditPasswordVC.xib; sourceTree = "<group>"; };
		3D2E490E23A7D4CD00DE59A2 /* Treasures-Bridging-Header.h */ = {isa = PBXFileReference; lastKnownFileType = sourcecode.c.h; path = "Treasures-Bridging-Header.h"; sourceTree = "<group>"; };
		3D2E490F23A7D8BE00DE59A2 /* Global.swift */ = {isa = PBXFileReference; fileEncoding = 4; lastKnownFileType = sourcecode.swift; path = Global.swift; sourceTree = "<group>"; };
		3D2E491223A7DB7900DE59A2 /* CategoryViewController.swift */ = {isa = PBXFileReference; lastKnownFileType = sourcecode.swift; path = CategoryViewController.swift; sourceTree = "<group>"; };
		3D2E491523A7DE7900DE59A2 /* BigCategoryCell.swift */ = {isa = PBXFileReference; lastKnownFileType = sourcecode.swift; path = BigCategoryCell.swift; sourceTree = "<group>"; };
		3D2E491623A7DE7900DE59A2 /* BigCategoryCell.xib */ = {isa = PBXFileReference; lastKnownFileType = file.xib; path = BigCategoryCell.xib; sourceTree = "<group>"; };
		3D2E491923A7E06C00DE59A2 /* UIColor+Category.swift */ = {isa = PBXFileReference; fileEncoding = 4; lastKnownFileType = sourcecode.swift; path = "UIColor+Category.swift"; sourceTree = "<group>"; };
		3D2E491B23A7E0EF00DE59A2 /* SmallCategoryCell.swift */ = {isa = PBXFileReference; lastKnownFileType = sourcecode.swift; path = SmallCategoryCell.swift; sourceTree = "<group>"; };
		3D2E491C23A7E0EF00DE59A2 /* SmallCategoryCell.xib */ = {isa = PBXFileReference; lastKnownFileType = file.xib; path = SmallCategoryCell.xib; sourceTree = "<group>"; };
		3D6D585A23AA761F00AF718A /* CollectedViewController.swift */ = {isa = PBXFileReference; lastKnownFileType = sourcecode.swift; path = CollectedViewController.swift; sourceTree = "<group>"; };
		3D6D585B23AA761F00AF718A /* CollectedViewController.xib */ = {isa = PBXFileReference; lastKnownFileType = file.xib; path = CollectedViewController.xib; sourceTree = "<group>"; };
		3D6D585F23AA79C300AF718A /* RecycleViewController.swift */ = {isa = PBXFileReference; lastKnownFileType = sourcecode.swift; path = RecycleViewController.swift; sourceTree = "<group>"; };
		3D6D586023AA79C300AF718A /* RecycleViewController.xib */ = {isa = PBXFileReference; lastKnownFileType = file.xib; path = RecycleViewController.xib; sourceTree = "<group>"; };
		3D6D586423AA7DF700AF718A /* InvateViewController.swift */ = {isa = PBXFileReference; lastKnownFileType = sourcecode.swift; path = InvateViewController.swift; sourceTree = "<group>"; };
		3D6D586523AA7DF700AF718A /* InvateViewController.xib */ = {isa = PBXFileReference; lastKnownFileType = file.xib; path = InvateViewController.xib; sourceTree = "<group>"; };
		3D78FA0323ABD33500427FF7 /* EditPopView.swift */ = {isa = PBXFileReference; lastKnownFileType = sourcecode.swift; path = EditPopView.swift; sourceTree = "<group>"; };
		3D78FA0523ABD34100427FF7 /* EditPopView.xib */ = {isa = PBXFileReference; lastKnownFileType = file.xib; path = EditPopView.xib; sourceTree = "<group>"; };
		3DB2E19823AFA60300684653 /* TreasureDetailVC.swift */ = {isa = PBXFileReference; lastKnownFileType = sourcecode.swift; path = TreasureDetailVC.swift; sourceTree = "<group>"; };
		3DB2E19923AFA60300684653 /* TreasureDetailVC.xib */ = {isa = PBXFileReference; lastKnownFileType = file.xib; path = TreasureDetailVC.xib; sourceTree = "<group>"; };
		3DC81A8A23B3BC360050FDD2 /* ShareView.swift */ = {isa = PBXFileReference; lastKnownFileType = sourcecode.swift; path = ShareView.swift; sourceTree = "<group>"; };
		3DC81A8C23B3BC460050FDD2 /* ShareView.xib */ = {isa = PBXFileReference; lastKnownFileType = file.xib; path = ShareView.xib; sourceTree = "<group>"; };
		3DC81A8F23B3BFB90050FDD2 /* StatisticsVC.swift */ = {isa = PBXFileReference; lastKnownFileType = sourcecode.swift; path = StatisticsVC.swift; sourceTree = "<group>"; };
		3DC81A9023B3BFB90050FDD2 /* StatisticsVC.xib */ = {isa = PBXFileReference; lastKnownFileType = file.xib; path = StatisticsVC.xib; sourceTree = "<group>"; };
		4824F4F9ECDF53CC6D022612 /* Pods-Treasures.release.xcconfig */ = {isa = PBXFileReference; includeInIndex = 1; lastKnownFileType = text.xcconfig; name = "Pods-Treasures.release.xcconfig"; path = "Target Support Files/Pods-Treasures/Pods-Treasures.release.xcconfig"; sourceTree = "<group>"; };
		482ECB2E23AA583F00BFB839 /* MultiInputView.swift */ = {isa = PBXFileReference; lastKnownFileType = sourcecode.swift; path = MultiInputView.swift; sourceTree = "<group>"; };
		482ECB3023AA585400BFB839 /* MultiInputView.xib */ = {isa = PBXFileReference; lastKnownFileType = file.xib; path = MultiInputView.xib; sourceTree = "<group>"; };
		482ECB3223AA66A500BFB839 /* SwitchSubview.swift */ = {isa = PBXFileReference; lastKnownFileType = sourcecode.swift; path = SwitchSubview.swift; sourceTree = "<group>"; };
		482ECB3423AA66C700BFB839 /* SwitchSubview.xib */ = {isa = PBXFileReference; lastKnownFileType = file.xib; path = SwitchSubview.xib; sourceTree = "<group>"; };
		482ECB3723ABD0F600BFB839 /* HUDHandler.swift */ = {isa = PBXFileReference; lastKnownFileType = sourcecode.swift; path = HUDHandler.swift; sourceTree = "<group>"; };
		4847D7A823ADD6DD0068550D /* selectedTags.plist */ = {isa = PBXFileReference; fileEncoding = 4; lastKnownFileType = text.plist.xml; path = selectedTags.plist; sourceTree = "<group>"; };
		4847D7A923ADD6DD0068550D /* tags.plist */ = {isa = PBXFileReference; fileEncoding = 4; lastKnownFileType = text.plist.xml; path = tags.plist; sourceTree = "<group>"; };
		484CA16A23994ECF00207662 /* SearchBarView.swift */ = {isa = PBXFileReference; fileEncoding = 4; lastKnownFileType = sourcecode.swift; path = SearchBarView.swift; sourceTree = "<group>"; };
		484CA16B23994ECF00207662 /* SearchBarView.xib */ = {isa = PBXFileReference; fileEncoding = 4; lastKnownFileType = file.xib; path = SearchBarView.xib; sourceTree = "<group>"; };
		484CA16E23994F0800207662 /* ListFilterView.xib */ = {isa = PBXFileReference; lastKnownFileType = file.xib; path = ListFilterView.xib; sourceTree = "<group>"; };
		484CA17023994F2500207662 /* ListFilterView.swift */ = {isa = PBXFileReference; lastKnownFileType = sourcecode.swift; path = ListFilterView.swift; sourceTree = "<group>"; };
		484CA174239B3CA500207662 /* SortYearItem.xib */ = {isa = PBXFileReference; lastKnownFileType = file.xib; path = SortYearItem.xib; sourceTree = "<group>"; };
		487455CE23993FD6002AFBF7 /* UISizeConstants.swift */ = {isa = PBXFileReference; lastKnownFileType = sourcecode.swift; path = UISizeConstants.swift; sourceTree = "<group>"; };
		48AA845E239CD71500A81C9F /* TreasureListCell.swift */ = {isa = PBXFileReference; lastKnownFileType = sourcecode.swift; path = TreasureListCell.swift; sourceTree = "<group>"; };
		48AA845F239CD71500A81C9F /* TreasureListCell.xib */ = {isa = PBXFileReference; lastKnownFileType = file.xib; path = TreasureListCell.xib; sourceTree = "<group>"; };
		48AA8462239CDF7100A81C9F /* TreasureSearchHandler.swift */ = {isa = PBXFileReference; lastKnownFileType = sourcecode.swift; path = TreasureSearchHandler.swift; sourceTree = "<group>"; };
		48AA8468239CE0C500A81C9F /* DBTest.swift */ = {isa = PBXFileReference; lastKnownFileType = sourcecode.swift; path = DBTest.swift; sourceTree = "<group>"; };
		48AA846F239CE89C00A81C9F /* TreasureRepository.swift */ = {isa = PBXFileReference; lastKnownFileType = sourcecode.swift; path = TreasureRepository.swift; sourceTree = "<group>"; };
		48AA8472239CEB6E00A81C9F /* Queryable.swift */ = {isa = PBXFileReference; lastKnownFileType = sourcecode.swift; path = Queryable.swift; sourceTree = "<group>"; };
		48C4BA6923B4FA74001CA6D4 /* CategoryFilterView.swift */ = {isa = PBXFileReference; lastKnownFileType = sourcecode.swift; path = CategoryFilterView.swift; sourceTree = "<group>"; };
		48C4BA6B23B4FA80001CA6D4 /* CategoryFilterView.xib */ = {isa = PBXFileReference; lastKnownFileType = file.xib; path = CategoryFilterView.xib; sourceTree = "<group>"; };
		48C4BA6F23B64657001CA6D4 /* SortPriceItem.xib */ = {isa = PBXFileReference; fileEncoding = 4; lastKnownFileType = file.xib; path = SortPriceItem.xib; sourceTree = "<group>"; };
		48C4BA7123B64988001CA6D4 /* KeywordFilterView.xib */ = {isa = PBXFileReference; lastKnownFileType = file.xib; path = KeywordFilterView.xib; sourceTree = "<group>"; };
		48DF59D1239B47EB0086B352 /* SortedItem.swift */ = {isa = PBXFileReference; lastKnownFileType = sourcecode.swift; path = SortedItem.swift; sourceTree = "<group>"; };
		48DF59D5239BDF9D0086B352 /* KeywordItem.xib */ = {isa = PBXFileReference; lastKnownFileType = file.xib; path = KeywordItem.xib; sourceTree = "<group>"; };
		48DF59D8239BE3060086B352 /* PropertyItem.swift */ = {isa = PBXFileReference; lastKnownFileType = sourcecode.swift; path = PropertyItem.swift; sourceTree = "<group>"; };
		48DF59DA239BE4200086B352 /* PropertyItem.xib */ = {isa = PBXFileReference; lastKnownFileType = file.xib; path = PropertyItem.xib; sourceTree = "<group>"; };
		48DF59DC239C87420086B352 /* CategoryItem.swift */ = {isa = PBXFileReference; lastKnownFileType = sourcecode.swift; path = CategoryItem.swift; sourceTree = "<group>"; };
		48DF59DE239C87680086B352 /* CategoryItem.xib */ = {isa = PBXFileReference; lastKnownFileType = file.xib; path = CategoryItem.xib; sourceTree = "<group>"; };
		48DF59E0239C90C80086B352 /* ImageConstants.swift */ = {isa = PBXFileReference; lastKnownFileType = sourcecode.swift; path = ImageConstants.swift; sourceTree = "<group>"; };
		48DF59E2239C99F30086B352 /* FilterPreference.swift */ = {isa = PBXFileReference; lastKnownFileType = sourcecode.swift; path = FilterPreference.swift; sourceTree = "<group>"; };
		48DF59E5239CA07F0086B352 /* OrderRule.swift */ = {isa = PBXFileReference; lastKnownFileType = sourcecode.swift; path = OrderRule.swift; sourceTree = "<group>"; };
		48EF5C7923A2846900A0E8B1 /* AddImagesSubview.swift */ = {isa = PBXFileReference; lastKnownFileType = sourcecode.swift; path = AddImagesSubview.swift; sourceTree = "<group>"; };
		48EF5C7B23A284D300A0E8B1 /* ChooseCategorySubview.swift */ = {isa = PBXFileReference; lastKnownFileType = sourcecode.swift; path = ChooseCategorySubview.swift; sourceTree = "<group>"; };
		48EF5C7F23A286B200A0E8B1 /* InputSubview.swift */ = {isa = PBXFileReference; lastKnownFileType = sourcecode.swift; path = InputSubview.swift; sourceTree = "<group>"; };
		48EF5C8123A2871D00A0E8B1 /* AddImagesSubview.xib */ = {isa = PBXFileReference; lastKnownFileType = file.xib; path = AddImagesSubview.xib; sourceTree = "<group>"; };
		48FA4FDF23A7BE53005DA01A /* CategoryRepo.swift */ = {isa = PBXFileReference; fileEncoding = 4; lastKnownFileType = sourcecode.swift; path = CategoryRepo.swift; sourceTree = "<group>"; };
		48FA4FE323A7D640005DA01A /* CategoryDTO.swift */ = {isa = PBXFileReference; lastKnownFileType = sourcecode.swift; path = CategoryDTO.swift; sourceTree = "<group>"; };
		48FA4FE623A7D912005DA01A /* CategoryPickerView.swift */ = {isa = PBXFileReference; lastKnownFileType = sourcecode.swift; path = CategoryPickerView.swift; sourceTree = "<group>"; };
		48FB48D0239D2970005BF6B6 /* PathHandler.swift */ = {isa = PBXFileReference; lastKnownFileType = sourcecode.swift; path = PathHandler.swift; sourceTree = "<group>"; };
		552CC57923A35E8600D14F21 /* firstCategory.json */ = {isa = PBXFileReference; fileEncoding = 4; lastKnownFileType = text.json; path = firstCategory.json; sourceTree = "<group>"; };
		552CC57B23A35E8E00D14F21 /* secondCategory.json */ = {isa = PBXFileReference; fileEncoding = 4; lastKnownFileType = text.json; path = secondCategory.json; sourceTree = "<group>"; };
		552CC57D23A37FB400D14F21 /* TreasureListSearchDTO.swift */ = {isa = PBXFileReference; lastKnownFileType = sourcecode.swift; path = TreasureListSearchDTO.swift; sourceTree = "<group>"; };
		552CC58123A392FB00D14F21 /* EditTreasureForm.swift */ = {isa = PBXFileReference; lastKnownFileType = sourcecode.swift; path = EditTreasureForm.swift; sourceTree = "<group>"; };
		552CC58423A393DF00D14F21 /* Category.swift */ = {isa = PBXFileReference; lastKnownFileType = sourcecode.swift; path = Category.swift; sourceTree = "<group>"; };
		552CC58723A393F600D14F21 /* Size.swift */ = {isa = PBXFileReference; lastKnownFileType = sourcecode.swift; path = Size.swift; sourceTree = "<group>"; };
		552CC58A23A3BD7D00D14F21 /* TreasureDetailDTO.swift */ = {isa = PBXFileReference; lastKnownFileType = sourcecode.swift; path = TreasureDetailDTO.swift; sourceTree = "<group>"; };
		553948C923B6113300793921 /* KeywordFilterView.swift */ = {isa = PBXFileReference; lastKnownFileType = sourcecode.swift; path = KeywordFilterView.swift; sourceTree = "<group>"; };
		553948CB23B6115700793921 /* KeywordItem.swift */ = {isa = PBXFileReference; lastKnownFileType = sourcecode.swift; path = KeywordItem.swift; sourceTree = "<group>"; };
		5548C58423B5D14F00A3D10C /* InviteCodeUtils.swift */ = {isa = PBXFileReference; lastKnownFileType = sourcecode.swift; path = InviteCodeUtils.swift; sourceTree = "<group>"; };
		5548C58823B5E47400A3D10C /* KeywordsTable.swift */ = {isa = PBXFileReference; lastKnownFileType = sourcecode.swift; path = KeywordsTable.swift; sourceTree = "<group>"; };
		5548C58B23B5E52C00A3D10C /* KeywordsRepo.swift */ = {isa = PBXFileReference; lastKnownFileType = sourcecode.swift; path = KeywordsRepo.swift; sourceTree = "<group>"; };
		55AD672923A8CBB300C0E5EB /* CategoryPickerView.xib */ = {isa = PBXFileReference; lastKnownFileType = file.xib; path = CategoryPickerView.xib; sourceTree = "<group>"; };
		55AD672B23A8E24000C0E5EB /* ChooseCategorySubview.xib */ = {isa = PBXFileReference; lastKnownFileType = file.xib; path = ChooseCategorySubview.xib; sourceTree = "<group>"; };
		55AD672D23AA315500C0E5EB /* InputSubview.xib */ = {isa = PBXFileReference; lastKnownFileType = file.xib; path = InputSubview.xib; sourceTree = "<group>"; };
		55AD675623AC83C200C0E5EB /* NSAttributedString+calculate.m */ = {isa = PBXFileReference; fileEncoding = 4; lastKnownFileType = sourcecode.c.objc; path = "NSAttributedString+calculate.m"; sourceTree = "<group>"; };
		55AD675723AC83C200C0E5EB /* NSString+calculate.h */ = {isa = PBXFileReference; fileEncoding = 4; lastKnownFileType = sourcecode.c.h; path = "NSString+calculate.h"; sourceTree = "<group>"; };
		55AD675823AC83C200C0E5EB /* NSAttributedString+calculate.h */ = {isa = PBXFileReference; fileEncoding = 4; lastKnownFileType = sourcecode.c.h; path = "NSAttributedString+calculate.h"; sourceTree = "<group>"; };
		55AD675923AC83C200C0E5EB /* NSString+calculate.m */ = {isa = PBXFileReference; fileEncoding = 4; lastKnownFileType = sourcecode.c.objc; path = "NSString+calculate.m"; sourceTree = "<group>"; };
		55AD675B23AC83C200C0E5EB /* JFInputBubbleItem.m */ = {isa = PBXFileReference; fileEncoding = 4; lastKnownFileType = sourcecode.c.objc; path = JFInputBubbleItem.m; sourceTree = "<group>"; };
		55AD675C23AC83C200C0E5EB /* JFBubbleItem.h */ = {isa = PBXFileReference; fileEncoding = 4; lastKnownFileType = sourcecode.c.h; path = JFBubbleItem.h; sourceTree = "<group>"; };
		55AD675D23AC83C200C0E5EB /* JFInputBubbleItem.h */ = {isa = PBXFileReference; fileEncoding = 4; lastKnownFileType = sourcecode.c.h; path = JFInputBubbleItem.h; sourceTree = "<group>"; };
		55AD675E23AC83C200C0E5EB /* JFBubbleItem.m */ = {isa = PBXFileReference; fileEncoding = 4; lastKnownFileType = sourcecode.c.objc; path = JFBubbleItem.m; sourceTree = "<group>"; };
		55AD675F23AC83C200C0E5EB /* JFBubbleHeader.h */ = {isa = PBXFileReference; fileEncoding = 4; lastKnownFileType = sourcecode.c.h; path = JFBubbleHeader.h; sourceTree = "<group>"; };
		55AD676123AC83C200C0E5EB /* JFBubbleView.h */ = {isa = PBXFileReference; fileEncoding = 4; lastKnownFileType = sourcecode.c.h; path = JFBubbleView.h; sourceTree = "<group>"; };
		55AD676223AC83C200C0E5EB /* JFEditBubbleView.h */ = {isa = PBXFileReference; fileEncoding = 4; lastKnownFileType = sourcecode.c.h; path = JFEditBubbleView.h; sourceTree = "<group>"; };
		55AD676323AC83C200C0E5EB /* JFSelectBubbleView.h */ = {isa = PBXFileReference; fileEncoding = 4; lastKnownFileType = sourcecode.c.h; path = JFSelectBubbleView.h; sourceTree = "<group>"; };
		55AD676423AC83C200C0E5EB /* JFBubbleView.m */ = {isa = PBXFileReference; fileEncoding = 4; lastKnownFileType = sourcecode.c.objc; path = JFBubbleView.m; sourceTree = "<group>"; };
		55AD676523AC83C200C0E5EB /* JFSelectBubbleView.m */ = {isa = PBXFileReference; fileEncoding = 4; lastKnownFileType = sourcecode.c.objc; path = JFSelectBubbleView.m; sourceTree = "<group>"; };
		55AD676623AC83C200C0E5EB /* JFEditBubbleView.m */ = {isa = PBXFileReference; fileEncoding = 4; lastKnownFileType = sourcecode.c.objc; path = JFEditBubbleView.m; sourceTree = "<group>"; };
		55AD676823AC83C200C0E5EB /* JFBubbleViewController.h */ = {isa = PBXFileReference; fileEncoding = 4; lastKnownFileType = sourcecode.c.h; path = JFBubbleViewController.h; sourceTree = "<group>"; };
		55AD676923AC83C200C0E5EB /* DemoEditBubbleView.h */ = {isa = PBXFileReference; fileEncoding = 4; lastKnownFileType = sourcecode.c.h; path = DemoEditBubbleView.h; sourceTree = "<group>"; };
		55AD676A23AC83C200C0E5EB /* DemoSelectBubbleView.m */ = {isa = PBXFileReference; fileEncoding = 4; lastKnownFileType = sourcecode.c.objc; path = DemoSelectBubbleView.m; sourceTree = "<group>"; };
		55AD676B23AC83C200C0E5EB /* JFBubbleViewController.m */ = {isa = PBXFileReference; fileEncoding = 4; lastKnownFileType = sourcecode.c.objc; path = JFBubbleViewController.m; sourceTree = "<group>"; };
		55AD676C23AC83C200C0E5EB /* DemoEditBubbleView.m */ = {isa = PBXFileReference; fileEncoding = 4; lastKnownFileType = sourcecode.c.objc; path = DemoEditBubbleView.m; sourceTree = "<group>"; };
		55AD676D23AC83C200C0E5EB /* DemoSelectBubbleView.h */ = {isa = PBXFileReference; fileEncoding = 4; lastKnownFileType = sourcecode.c.h; path = DemoSelectBubbleView.h; sourceTree = "<group>"; };
		55AD677823B302B800C0E5EB /* SecondCategoryVO.swift */ = {isa = PBXFileReference; lastKnownFileType = sourcecode.swift; path = SecondCategoryVO.swift; sourceTree = "<group>"; };
		55AD677C23B3B41B00C0E5EB /* CountVO.swift */ = {isa = PBXFileReference; lastKnownFileType = sourcecode.swift; path = CountVO.swift; sourceTree = "<group>"; };
		55B22B432397539500B738B7 /* 收藏管家.app */ = {isa = PBXFileReference; explicitFileType = wrapper.application; includeInIndex = 0; path = "收藏管家.app"; sourceTree = BUILT_PRODUCTS_DIR; };
		55B22B462397539500B738B7 /* AppDelegate.swift */ = {isa = PBXFileReference; lastKnownFileType = sourcecode.swift; path = AppDelegate.swift; sourceTree = "<group>"; };
		55B22B482397539500B738B7 /* SceneDelegate.swift */ = {isa = PBXFileReference; lastKnownFileType = sourcecode.swift; path = SceneDelegate.swift; sourceTree = "<group>"; };
		55B22B4A2397539500B738B7 /* LoginController.swift */ = {isa = PBXFileReference; lastKnownFileType = sourcecode.swift; path = LoginController.swift; sourceTree = "<group>"; };
		55B22B4D2397539500B738B7 /* Base */ = {isa = PBXFileReference; lastKnownFileType = file.storyboard; name = Base; path = Base.lproj/Main.storyboard; sourceTree = "<group>"; };
		55B22B4F2397539800B738B7 /* Assets.xcassets */ = {isa = PBXFileReference; lastKnownFileType = folder.assetcatalog; path = Assets.xcassets; sourceTree = "<group>"; };
		55B22B522397539800B738B7 /* Base */ = {isa = PBXFileReference; lastKnownFileType = file.storyboard; name = Base; path = Base.lproj/LaunchScreen.storyboard; sourceTree = "<group>"; };
		55B22B542397539800B738B7 /* Info.plist */ = {isa = PBXFileReference; lastKnownFileType = text.plist.xml; path = Info.plist; sourceTree = "<group>"; };
		55B22B592397539800B738B7 /* TreasuresTests.xctest */ = {isa = PBXFileReference; explicitFileType = wrapper.cfbundle; includeInIndex = 0; path = TreasuresTests.xctest; sourceTree = BUILT_PRODUCTS_DIR; };
		55B22B5D2397539800B738B7 /* TreasuresTests.swift */ = {isa = PBXFileReference; lastKnownFileType = sourcecode.swift; path = TreasuresTests.swift; sourceTree = "<group>"; };
		55B22B5F2397539800B738B7 /* Info.plist */ = {isa = PBXFileReference; lastKnownFileType = text.plist.xml; path = Info.plist; sourceTree = "<group>"; };
		55B22B69239755D800B738B7 /* DatabaseHandler.swift */ = {isa = PBXFileReference; fileEncoding = 4; lastKnownFileType = sourcecode.swift; path = DatabaseHandler.swift; sourceTree = "<group>"; };
		55B22B6A239755D800B738B7 /* SecondCategoryTable.swift */ = {isa = PBXFileReference; fileEncoding = 4; lastKnownFileType = sourcecode.swift; path = SecondCategoryTable.swift; sourceTree = "<group>"; };
		55B22B6B239755D800B738B7 /* FirstCategoryTable.swift */ = {isa = PBXFileReference; fileEncoding = 4; lastKnownFileType = sourcecode.swift; path = FirstCategoryTable.swift; sourceTree = "<group>"; };
		55B22B6C239755D800B738B7 /* DBConstants.swift */ = {isa = PBXFileReference; fileEncoding = 4; lastKnownFileType = sourcecode.swift; path = DBConstants.swift; sourceTree = "<group>"; };
		55B22B6D239755D800B738B7 /* TreasuresTable.swift */ = {isa = PBXFileReference; fileEncoding = 4; lastKnownFileType = sourcecode.swift; path = TreasuresTable.swift; sourceTree = "<group>"; };
		55B22B72239755D800B738B7 /* FontConstants.swift */ = {isa = PBXFileReference; fileEncoding = 4; lastKnownFileType = sourcecode.swift; path = FontConstants.swift; sourceTree = "<group>"; };
		55B366BD23975B44008F32D6 /* TreasureListController.swift */ = {isa = PBXFileReference; lastKnownFileType = sourcecode.swift; path = TreasureListController.swift; sourceTree = "<group>"; };
		55B366C523976C64008F32D6 /* EditController.swift */ = {isa = PBXFileReference; lastKnownFileType = sourcecode.swift; path = EditController.swift; sourceTree = "<group>"; };
		55B366C623976C64008F32D6 /* EditController.xib */ = {isa = PBXFileReference; lastKnownFileType = file.xib; path = EditController.xib; sourceTree = "<group>"; };
		55B366C923976D9F008F32D6 /* RootTabController.swift */ = {isa = PBXFileReference; lastKnownFileType = sourcecode.swift; path = RootTabController.swift; sourceTree = "<group>"; };
		55B366D123977858008F32D6 /* ViewController.swift */ = {isa = PBXFileReference; lastKnownFileType = sourcecode.swift; path = ViewController.swift; sourceTree = "<group>"; };
		55B366D3239CD2B1008F32D6 /* podfile */ = {isa = PBXFileReference; fileEncoding = 4; lastKnownFileType = text; path = podfile; sourceTree = SOURCE_ROOT; xcLanguageSpecificationIdentifier = xcode.lang.ruby; };
		8E35E5F703EC30F41A51363D /* Pods-TreasuresTests.debug.xcconfig */ = {isa = PBXFileReference; includeInIndex = 1; lastKnownFileType = text.xcconfig; name = "Pods-TreasuresTests.debug.xcconfig"; path = "Target Support Files/Pods-TreasuresTests/Pods-TreasuresTests.debug.xcconfig"; sourceTree = "<group>"; };
		B15FD8E1B6571064B8BE8E2C /* Pods_Treasures.framework */ = {isa = PBXFileReference; explicitFileType = wrapper.framework; includeInIndex = 0; path = Pods_Treasures.framework; sourceTree = BUILT_PRODUCTS_DIR; };
/* End PBXFileReference section */

/* Begin PBXFrameworksBuildPhase section */
		55B22B402397539500B738B7 /* Frameworks */ = {
			isa = PBXFrameworksBuildPhase;
			buildActionMask = 2147483647;
			files = (
				3D0D764E23B51A6500CFFEA5 /* ExternalAccessory.framework in Frameworks */,
				9F57E87D3C11AA9D71E13110 /* Pods_Treasures.framework in Frameworks */,
			);
			runOnlyForDeploymentPostprocessing = 0;
		};
		55B22B562397539800B738B7 /* Frameworks */ = {
			isa = PBXFrameworksBuildPhase;
			buildActionMask = 2147483647;
			files = (
				8E043E8D798105F7A57A5E9D /* Pods_TreasuresTests.framework in Frameworks */,
			);
			runOnlyForDeploymentPostprocessing = 0;
		};
/* End PBXFrameworksBuildPhase section */

/* Begin PBXGroup section */
		204570C67DA81379E36FED72 /* Frameworks */ = {
			isa = PBXGroup;
			children = (
				3D0D764D23B51A6500CFFEA5 /* ExternalAccessory.framework */,
				B15FD8E1B6571064B8BE8E2C /* Pods_Treasures.framework */,
				21D04279D2E29DAD145417BC /* Pods_TreasuresTests.framework */,
			);
			name = Frameworks;
			sourceTree = "<group>";
		};
		3D2E48F923A6690900DE59A2 /* Personal */ = {
			isa = PBXGroup;
			children = (
				55AD677B23B3B40300C0E5EB /* Model */,
				3D2E48FC23A66B5B00DE59A2 /* view */,
				3D2E48FA23A6694D00DE59A2 /* PersonalViewController.swift */,
				3D2E490123A6770900DE59A2 /* EditPasswordVC.swift */,
				3D2E490223A6770900DE59A2 /* EditPasswordVC.xib */,
			);
			path = Personal;
			sourceTree = "<group>";
		};
		3D2E48FC23A66B5B00DE59A2 /* view */ = {
			isa = PBXGroup;
			children = (
				3D2E48FD23A66B7500DE59A2 /* PersonalCell.swift */,
				3D2E48FE23A66B7500DE59A2 /* PersonalCell.xib */,
			);
			path = view;
			sourceTree = "<group>";
		};
		3D2E491123A7DB4E00DE59A2 /* Category */ = {
			isa = PBXGroup;
			children = (
				3D2E491423A7DE5D00DE59A2 /* view */,
				3D2E491223A7DB7900DE59A2 /* CategoryViewController.swift */,
				55AD677823B302B800C0E5EB /* SecondCategoryVO.swift */,
			);
			path = Category;
			sourceTree = "<group>";
		};
		3D2E491423A7DE5D00DE59A2 /* view */ = {
			isa = PBXGroup;
			children = (
				3D2E491523A7DE7900DE59A2 /* BigCategoryCell.swift */,
				3D2E491623A7DE7900DE59A2 /* BigCategoryCell.xib */,
				3D2E491B23A7E0EF00DE59A2 /* SmallCategoryCell.swift */,
				3D2E491C23A7E0EF00DE59A2 /* SmallCategoryCell.xib */,
			);
			path = view;
			sourceTree = "<group>";
		};
		3D6D585923AA75F300AF718A /* Collected */ = {
			isa = PBXGroup;
			children = (
				3D6D585A23AA761F00AF718A /* CollectedViewController.swift */,
				3D6D585B23AA761F00AF718A /* CollectedViewController.xib */,
			);
			path = Collected;
			sourceTree = "<group>";
		};
		3D6D585E23AA79AD00AF718A /* Recycle */ = {
			isa = PBXGroup;
			children = (
				3D6D585F23AA79C300AF718A /* RecycleViewController.swift */,
				3D6D586023AA79C300AF718A /* RecycleViewController.xib */,
			);
			path = Recycle;
			sourceTree = "<group>";
		};
		3D6D586323AA7DDA00AF718A /* Invate */ = {
			isa = PBXGroup;
			children = (
				3D6D586423AA7DF700AF718A /* InvateViewController.swift */,
				3D6D586523AA7DF700AF718A /* InvateViewController.xib */,
				5548C58423B5D14F00A3D10C /* InviteCodeUtils.swift */,
			);
			path = Invate;
			sourceTree = "<group>";
		};
		3DC81A8E23B3BF9B0050FDD2 /* Statistics */ = {
			isa = PBXGroup;
			children = (
				3DC81A8F23B3BFB90050FDD2 /* StatisticsVC.swift */,
				3DC81A9023B3BFB90050FDD2 /* StatisticsVC.xib */,
			);
			path = Statistics;
			sourceTree = "<group>";
		};
		484CA16923994EBA00207662 /* views */ = {
			isa = PBXGroup;
			children = (
				484CA16A23994ECF00207662 /* SearchBarView.swift */,
				484CA16B23994ECF00207662 /* SearchBarView.xib */,
				484CA17023994F2500207662 /* ListFilterView.swift */,
				484CA16E23994F0800207662 /* ListFilterView.xib */,
				48DF59D1239B47EB0086B352 /* SortedItem.swift */,
				484CA174239B3CA500207662 /* SortYearItem.xib */,
				48C4BA6F23B64657001CA6D4 /* SortPriceItem.xib */,
				553948C923B6113300793921 /* KeywordFilterView.swift */,
				48C4BA7123B64988001CA6D4 /* KeywordFilterView.xib */,
				553948CB23B6115700793921 /* KeywordItem.swift */,
				48DF59D5239BDF9D0086B352 /* KeywordItem.xib */,
				48DF59DC239C87420086B352 /* CategoryItem.swift */,
				48DF59DE239C87680086B352 /* CategoryItem.xib */,
				48DF59D8239BE3060086B352 /* PropertyItem.swift */,
				48DF59DA239BE4200086B352 /* PropertyItem.xib */,
				48AA845E239CD71500A81C9F /* TreasureListCell.swift */,
				48AA845F239CD71500A81C9F /* TreasureListCell.xib */,
				3D78FA0323ABD33500427FF7 /* EditPopView.swift */,
				3D78FA0523ABD34100427FF7 /* EditPopView.xib */,
				3D0C53F923B245100086D2EA /* KeywordsScrollView.swift */,
				3DC81A8A23B3BC360050FDD2 /* ShareView.swift */,
				3DC81A8C23B3BC460050FDD2 /* ShareView.xib */,
				48C4BA6923B4FA74001CA6D4 /* CategoryFilterView.swift */,
				48C4BA6B23B4FA80001CA6D4 /* CategoryFilterView.xib */,
			);
			path = views;
			sourceTree = "<group>";
		};
		48DF59E4239CA0690086B352 /* models */ = {
			isa = PBXGroup;
			children = (
				48DF59E2239C99F30086B352 /* FilterPreference.swift */,
				48DF59E5239CA07F0086B352 /* OrderRule.swift */,
				48AA8462239CDF7100A81C9F /* TreasureSearchHandler.swift */,
				552CC57D23A37FB400D14F21 /* TreasureListSearchDTO.swift */,
				552CC58423A393DF00D14F21 /* Category.swift */,
				552CC58723A393F600D14F21 /* Size.swift */,
			);
			path = models;
			sourceTree = "<group>";
		};
		48EF5C7823A280A300A0E8B1 /* views */ = {
			isa = PBXGroup;
			children = (
				48EF5C7923A2846900A0E8B1 /* AddImagesSubview.swift */,
				48EF5C8123A2871D00A0E8B1 /* AddImagesSubview.xib */,
				48FA4FE623A7D912005DA01A /* CategoryPickerView.swift */,
				55AD672923A8CBB300C0E5EB /* CategoryPickerView.xib */,
				48EF5C7B23A284D300A0E8B1 /* ChooseCategorySubview.swift */,
				55AD672B23A8E24000C0E5EB /* ChooseCategorySubview.xib */,
				48EF5C7F23A286B200A0E8B1 /* InputSubview.swift */,
				55AD672D23AA315500C0E5EB /* InputSubview.xib */,
				482ECB2E23AA583F00BFB839 /* MultiInputView.swift */,
				482ECB3023AA585400BFB839 /* MultiInputView.xib */,
				482ECB3223AA66A500BFB839 /* SwitchSubview.swift */,
				482ECB3423AA66C700BFB839 /* SwitchSubview.xib */,
			);
			path = views;
			sourceTree = "<group>";
		};
		552CC58023A38DC100D14F21 /* models */ = {
			isa = PBXGroup;
			children = (
				552CC58123A392FB00D14F21 /* EditTreasureForm.swift */,
				552CC58A23A3BD7D00D14F21 /* TreasureDetailDTO.swift */,
				48FA4FE323A7D640005DA01A /* CategoryDTO.swift */,
			);
			path = models;
			sourceTree = "<group>";
		};
		55AD675423AC83C200C0E5EB /* JFBubbleView */ = {
			isa = PBXGroup;
			children = (
				4847D7A923ADD6DD0068550D /* tags.plist */,
				4847D7A823ADD6DD0068550D /* selectedTags.plist */,
				55AD675F23AC83C200C0E5EB /* JFBubbleHeader.h */,
				55AD675523AC83C200C0E5EB /* NSString+calculate */,
				55AD675A23AC83C200C0E5EB /* JFBubbleItem */,
				55AD676023AC83C200C0E5EB /* JFBubbleView */,
			);
			path = JFBubbleView;
			sourceTree = "<group>";
		};
		55AD675523AC83C200C0E5EB /* NSString+calculate */ = {
			isa = PBXGroup;
			children = (
				55AD675623AC83C200C0E5EB /* NSAttributedString+calculate.m */,
				55AD675723AC83C200C0E5EB /* NSString+calculate.h */,
				55AD675823AC83C200C0E5EB /* NSAttributedString+calculate.h */,
				55AD675923AC83C200C0E5EB /* NSString+calculate.m */,
			);
			path = "NSString+calculate";
			sourceTree = "<group>";
		};
		55AD675A23AC83C200C0E5EB /* JFBubbleItem */ = {
			isa = PBXGroup;
			children = (
				55AD675D23AC83C200C0E5EB /* JFInputBubbleItem.h */,
				55AD675B23AC83C200C0E5EB /* JFInputBubbleItem.m */,
				55AD675C23AC83C200C0E5EB /* JFBubbleItem.h */,
				55AD675E23AC83C200C0E5EB /* JFBubbleItem.m */,
			);
			path = JFBubbleItem;
			sourceTree = "<group>";
		};
		55AD676023AC83C200C0E5EB /* JFBubbleView */ = {
			isa = PBXGroup;
			children = (
				55AD676123AC83C200C0E5EB /* JFBubbleView.h */,
				55AD676423AC83C200C0E5EB /* JFBubbleView.m */,
				55AD676223AC83C200C0E5EB /* JFEditBubbleView.h */,
				55AD676623AC83C200C0E5EB /* JFEditBubbleView.m */,
				55AD676323AC83C200C0E5EB /* JFSelectBubbleView.h */,
				55AD676523AC83C200C0E5EB /* JFSelectBubbleView.m */,
				55AD676723AC83C200C0E5EB /* JFBubbleViewController */,
			);
			path = JFBubbleView;
			sourceTree = "<group>";
		};
		55AD676723AC83C200C0E5EB /* JFBubbleViewController */ = {
			isa = PBXGroup;
			children = (
				55AD676923AC83C200C0E5EB /* DemoEditBubbleView.h */,
				55AD676C23AC83C200C0E5EB /* DemoEditBubbleView.m */,
				55AD676D23AC83C200C0E5EB /* DemoSelectBubbleView.h */,
				55AD676A23AC83C200C0E5EB /* DemoSelectBubbleView.m */,
				55AD676823AC83C200C0E5EB /* JFBubbleViewController.h */,
				55AD676B23AC83C200C0E5EB /* JFBubbleViewController.m */,
			);
			path = JFBubbleViewController;
			sourceTree = "<group>";
		};
		55AD677B23B3B40300C0E5EB /* Model */ = {
			isa = PBXGroup;
			children = (
				55AD677C23B3B41B00C0E5EB /* CountVO.swift */,
			);
			path = Model;
			sourceTree = "<group>";
		};
		55B22B3A2397539500B738B7 = {
			isa = PBXGroup;
			children = (
				55B22B452397539500B738B7 /* Treasures */,
				55B22B5C2397539800B738B7 /* TreasuresTests */,
				55B22B442397539500B738B7 /* Products */,
				C375D2855AEBC795F1100D46 /* Pods */,
				204570C67DA81379E36FED72 /* Frameworks */,
			);
			sourceTree = "<group>";
		};
		55B22B442397539500B738B7 /* Products */ = {
			isa = PBXGroup;
			children = (
				55B22B432397539500B738B7 /* 收藏管家.app */,
				55B22B592397539800B738B7 /* TreasuresTests.xctest */,
			);
			name = Products;
			sourceTree = "<group>";
		};
		55B22B452397539500B738B7 /* Treasures */ = {
			isa = PBXGroup;
			children = (
				3D0D764A23B514A100CFFEA5 /* 收藏管家.entitlements */,
				3DC81A8E23B3BF9B0050FDD2 /* Statistics */,
				3D6D586323AA7DDA00AF718A /* Invate */,
				3D6D585E23AA79AD00AF718A /* Recycle */,
				3D6D585923AA75F300AF718A /* Collected */,
				3D2E491123A7DB4E00DE59A2 /* Category */,
				3D2E48F923A6690900DE59A2 /* Personal */,
				55B366BC23975AF9008F32D6 /* TreasureList */,
				55B22B6E239755D800B738B7 /* Edit */,
				55B22B68239755D800B738B7 /* DB */,
				55B22B71239755D800B738B7 /* Global */,
				55B22B462397539500B738B7 /* AppDelegate.swift */,
				55B22B482397539500B738B7 /* SceneDelegate.swift */,
				55B366C923976D9F008F32D6 /* RootTabController.swift */,
				55B22B4A2397539500B738B7 /* LoginController.swift */,
				55B22B4C2397539500B738B7 /* Main.storyboard */,
				55B22B4F2397539800B738B7 /* Assets.xcassets */,
				55B22B512397539800B738B7 /* LaunchScreen.storyboard */,
				55D9E99E23A220F600A622AE /* resources */,
				55B366D3239CD2B1008F32D6 /* podfile */,
				55B22B542397539800B738B7 /* Info.plist */,
				3D2E490E23A7D4CD00DE59A2 /* Treasures-Bridging-Header.h */,
			);
			path = Treasures;
			sourceTree = "<group>";
		};
		55B22B5C2397539800B738B7 /* TreasuresTests */ = {
			isa = PBXGroup;
			children = (
				55B22B5D2397539800B738B7 /* TreasuresTests.swift */,
				55B22B5F2397539800B738B7 /* Info.plist */,
				48AA8468239CE0C500A81C9F /* DBTest.swift */,
			);
			path = TreasuresTests;
			sourceTree = "<group>";
		};
		55B22B68239755D800B738B7 /* DB */ = {
			isa = PBXGroup;
			children = (
				55D9E9A523A325F400A622AE /* Tables */,
				48AA8472239CEB6E00A81C9F /* Queryable.swift */,
				55B22B6C239755D800B738B7 /* DBConstants.swift */,
				55B22B69239755D800B738B7 /* DatabaseHandler.swift */,
				48AA846F239CE89C00A81C9F /* TreasureRepository.swift */,
				48FA4FDF23A7BE53005DA01A /* CategoryRepo.swift */,
				5548C58B23B5E52C00A3D10C /* KeywordsRepo.swift */,
			);
			path = DB;
			sourceTree = "<group>";
		};
		55B22B6E239755D800B738B7 /* Edit */ = {
			isa = PBXGroup;
			children = (
				552CC58023A38DC100D14F21 /* models */,
				48EF5C7823A280A300A0E8B1 /* views */,
				55B366C523976C64008F32D6 /* EditController.swift */,
				55B366C623976C64008F32D6 /* EditController.xib */,
			);
			path = Edit;
			sourceTree = "<group>";
		};
		55B22B71239755D800B738B7 /* Global */ = {
			isa = PBXGroup;
			children = (
				55AD675423AC83C200C0E5EB /* JFBubbleView */,
				3D0D764F23B6472F00CFFEA5 /* DateTimeUtil.swift */,
				3D2E490F23A7D8BE00DE59A2 /* Global.swift */,
				55B22B72239755D800B738B7 /* FontConstants.swift */,
				487455CE23993FD6002AFBF7 /* UISizeConstants.swift */,
				48DF59E0239C90C80086B352 /* ImageConstants.swift */,
				48FB48D0239D2970005BF6B6 /* PathHandler.swift */,
				3D2E491923A7E06C00DE59A2 /* UIColor+Category.swift */,
				482ECB3723ABD0F600BFB839 /* HUDHandler.swift */,
				3D0D764B23B517EE00CFFEA5 /* InviteKeyHandler.swift */,
			);
			path = Global;
			sourceTree = "<group>";
		};
		55B366BC23975AF9008F32D6 /* TreasureList */ = {
			isa = PBXGroup;
			children = (
				48DF59E4239CA0690086B352 /* models */,
				484CA16923994EBA00207662 /* views */,
				55B366BD23975B44008F32D6 /* TreasureListController.swift */,
				55B366D123977858008F32D6 /* ViewController.swift */,
				3DB2E19823AFA60300684653 /* TreasureDetailVC.swift */,
				3DB2E19923AFA60300684653 /* TreasureDetailVC.xib */,
			);
			path = TreasureList;
			sourceTree = "<group>";
		};
		55D9E99E23A220F600A622AE /* resources */ = {
			isa = PBXGroup;
			children = (
				552CC57923A35E8600D14F21 /* firstCategory.json */,
				552CC57B23A35E8E00D14F21 /* secondCategory.json */,
			);
			path = resources;
			sourceTree = "<group>";
		};
		55D9E9A523A325F400A622AE /* Tables */ = {
			isa = PBXGroup;
			children = (
				55B22B6A239755D800B738B7 /* SecondCategoryTable.swift */,
				55B22B6B239755D800B738B7 /* FirstCategoryTable.swift */,
				55B22B6D239755D800B738B7 /* TreasuresTable.swift */,
				5548C58823B5E47400A3D10C /* KeywordsTable.swift */,
			);
			path = Tables;
			sourceTree = "<group>";
		};
		C375D2855AEBC795F1100D46 /* Pods */ = {
			isa = PBXGroup;
			children = (
				060206CB9AA19A20FD163988 /* Pods-Treasures.debug.xcconfig */,
				4824F4F9ECDF53CC6D022612 /* Pods-Treasures.release.xcconfig */,
				8E35E5F703EC30F41A51363D /* Pods-TreasuresTests.debug.xcconfig */,
				108FC4269D72CCE6914D92A7 /* Pods-TreasuresTests.release.xcconfig */,
			);
			path = Pods;
			sourceTree = "<group>";
		};
/* End PBXGroup section */

/* Begin PBXNativeTarget section */
		55B22B422397539500B738B7 /* Treasures */ = {
			isa = PBXNativeTarget;
			buildConfigurationList = 55B22B622397539800B738B7 /* Build configuration list for PBXNativeTarget "Treasures" */;
			buildPhases = (
				B2D6E1BE5ECDB04FAF939241 /* [CP] Check Pods Manifest.lock */,
				55B22B3F2397539500B738B7 /* Sources */,
				55B22B402397539500B738B7 /* Frameworks */,
				55B22B412397539500B738B7 /* Resources */,
				CBBA7FD5ABB6BE23A2BA78F8 /* [CP] Embed Pods Frameworks */,
			);
			buildRules = (
			);
			dependencies = (
			);
			name = Treasures;
			productName = Treasures;
			productReference = 55B22B432397539500B738B7 /* 收藏管家.app */;
			productType = "com.apple.product-type.application";
		};
		55B22B582397539800B738B7 /* TreasuresTests */ = {
			isa = PBXNativeTarget;
			buildConfigurationList = 55B22B652397539800B738B7 /* Build configuration list for PBXNativeTarget "TreasuresTests" */;
			buildPhases = (
				8D9547F788906F79AAA51899 /* [CP] Check Pods Manifest.lock */,
				55B22B552397539800B738B7 /* Sources */,
				55B22B562397539800B738B7 /* Frameworks */,
				55B22B572397539800B738B7 /* Resources */,
				CB475D30FFA5C3453C21A316 /* [CP] Embed Pods Frameworks */,
			);
			buildRules = (
			);
			dependencies = (
				55B22B5B2397539800B738B7 /* PBXTargetDependency */,
			);
			name = TreasuresTests;
			productName = TreasuresTests;
			productReference = 55B22B592397539800B738B7 /* TreasuresTests.xctest */;
			productType = "com.apple.product-type.bundle.unit-test";
		};
/* End PBXNativeTarget section */

/* Begin PBXProject section */
		55B22B3B2397539500B738B7 /* Project object */ = {
			isa = PBXProject;
			attributes = {
				LastSwiftUpdateCheck = 1120;
				LastUpgradeCheck = 1120;
				ORGANIZATIONNAME = joanfen;
				TargetAttributes = {
					55B22B422397539500B738B7 = {
						CreatedOnToolsVersion = 11.2.1;
					};
					55B22B582397539800B738B7 = {
						CreatedOnToolsVersion = 11.2.1;
						TestTargetID = 55B22B422397539500B738B7;
					};
				};
			};
			buildConfigurationList = 55B22B3E2397539500B738B7 /* Build configuration list for PBXProject "Treasures" */;
			compatibilityVersion = "Xcode 9.3";
			developmentRegion = en;
			hasScannedForEncodings = 0;
			knownRegions = (
				en,
				Base,
			);
			mainGroup = 55B22B3A2397539500B738B7;
			productRefGroup = 55B22B442397539500B738B7 /* Products */;
			projectDirPath = "";
			projectRoot = "";
			targets = (
				55B22B422397539500B738B7 /* Treasures */,
				55B22B582397539800B738B7 /* TreasuresTests */,
			);
		};
/* End PBXProject section */

/* Begin PBXResourcesBuildPhase section */
		55B22B412397539500B738B7 /* Resources */ = {
			isa = PBXResourcesBuildPhase;
			buildActionMask = 2147483647;
			files = (
				3D78FA0623ABD34100427FF7 /* EditPopView.xib in Resources */,
				48DF59DB239BE4200086B352 /* PropertyItem.xib in Resources */,
				55AD672A23A8CBB300C0E5EB /* CategoryPickerView.xib in Resources */,
				3DC81A9223B3BFB90050FDD2 /* StatisticsVC.xib in Resources */,
				4847D7AB23ADD6DD0068550D /* tags.plist in Resources */,
				55AD672C23A8E24000C0E5EB /* ChooseCategorySubview.xib in Resources */,
				3D2E491823A7DE7900DE59A2 /* BigCategoryCell.xib in Resources */,
				55B22B532397539800B738B7 /* LaunchScreen.storyboard in Resources */,
				48AA8461239CD71500A81C9F /* TreasureListCell.xib in Resources */,
				484CA16D23994ECF00207662 /* SearchBarView.xib in Resources */,
				55B22B502397539800B738B7 /* Assets.xcassets in Resources */,
				3D2E490423A6770900DE59A2 /* EditPasswordVC.xib in Resources */,
				482ECB3523AA66C700BFB839 /* SwitchSubview.xib in Resources */,
				552CC57C23A35E8E00D14F21 /* secondCategory.json in Resources */,
				3D6D585D23AA761F00AF718A /* CollectedViewController.xib in Resources */,
				55B22B4E2397539500B738B7 /* Main.storyboard in Resources */,
				3DB2E19B23AFA60300684653 /* TreasureDetailVC.xib in Resources */,
				48DF59D6239BDF9D0086B352 /* KeywordItem.xib in Resources */,
				48EF5C8223A2871D00A0E8B1 /* AddImagesSubview.xib in Resources */,
				55B366D4239CD2B2008F32D6 /* podfile in Resources */,
				552CC57A23A35E8600D14F21 /* firstCategory.json in Resources */,
				3D2E491E23A7E0EF00DE59A2 /* SmallCategoryCell.xib in Resources */,
				48C4BA7023B64657001CA6D4 /* SortPriceItem.xib in Resources */,
				3D2E490023A66B7500DE59A2 /* PersonalCell.xib in Resources */,
				482ECB3123AA585400BFB839 /* MultiInputView.xib in Resources */,
				484CA16F23994F0800207662 /* ListFilterView.xib in Resources */,
				3DC81A8D23B3BC460050FDD2 /* ShareView.xib in Resources */,
				4847D7AA23ADD6DD0068550D /* selectedTags.plist in Resources */,
				48C4BA7223B64988001CA6D4 /* KeywordFilterView.xib in Resources */,
				48C4BA6C23B4FA80001CA6D4 /* CategoryFilterView.xib in Resources */,
				3D6D586723AA7DF700AF718A /* InvateViewController.xib in Resources */,
				3D6D586223AA79C300AF718A /* RecycleViewController.xib in Resources */,
				55AD672E23AA315500C0E5EB /* InputSubview.xib in Resources */,
				48DF59DF239C87680086B352 /* CategoryItem.xib in Resources */,
				55B366C823976C64008F32D6 /* EditController.xib in Resources */,
				484CA175239B3CA500207662 /* SortYearItem.xib in Resources */,
			);
			runOnlyForDeploymentPostprocessing = 0;
		};
		55B22B572397539800B738B7 /* Resources */ = {
			isa = PBXResourcesBuildPhase;
			buildActionMask = 2147483647;
			files = (
				48FB48D3239D2E10005BF6B6 /* Assets.xcassets in Resources */,
			);
			runOnlyForDeploymentPostprocessing = 0;
		};
/* End PBXResourcesBuildPhase section */

/* Begin PBXShellScriptBuildPhase section */
		8D9547F788906F79AAA51899 /* [CP] Check Pods Manifest.lock */ = {
			isa = PBXShellScriptBuildPhase;
			buildActionMask = 2147483647;
			files = (
			);
			inputFileListPaths = (
			);
			inputPaths = (
				"${PODS_PODFILE_DIR_PATH}/Podfile.lock",
				"${PODS_ROOT}/Manifest.lock",
			);
			name = "[CP] Check Pods Manifest.lock";
			outputFileListPaths = (
			);
			outputPaths = (
				"$(DERIVED_FILE_DIR)/Pods-TreasuresTests-checkManifestLockResult.txt",
			);
			runOnlyForDeploymentPostprocessing = 0;
			shellPath = /bin/sh;
			shellScript = "diff \"${PODS_PODFILE_DIR_PATH}/Podfile.lock\" \"${PODS_ROOT}/Manifest.lock\" > /dev/null\nif [ $? != 0 ] ; then\n    # print error to STDERR\n    echo \"error: The sandbox is not in sync with the Podfile.lock. Run 'pod install' or update your CocoaPods installation.\" >&2\n    exit 1\nfi\n# This output is used by Xcode 'outputs' to avoid re-running this script phase.\necho \"SUCCESS\" > \"${SCRIPT_OUTPUT_FILE_0}\"\n";
			showEnvVarsInLog = 0;
		};
		B2D6E1BE5ECDB04FAF939241 /* [CP] Check Pods Manifest.lock */ = {
			isa = PBXShellScriptBuildPhase;
			buildActionMask = 2147483647;
			files = (
			);
			inputFileListPaths = (
			);
			inputPaths = (
				"${PODS_PODFILE_DIR_PATH}/Podfile.lock",
				"${PODS_ROOT}/Manifest.lock",
			);
			name = "[CP] Check Pods Manifest.lock";
			outputFileListPaths = (
			);
			outputPaths = (
				"$(DERIVED_FILE_DIR)/Pods-Treasures-checkManifestLockResult.txt",
			);
			runOnlyForDeploymentPostprocessing = 0;
			shellPath = /bin/sh;
			shellScript = "diff \"${PODS_PODFILE_DIR_PATH}/Podfile.lock\" \"${PODS_ROOT}/Manifest.lock\" > /dev/null\nif [ $? != 0 ] ; then\n    # print error to STDERR\n    echo \"error: The sandbox is not in sync with the Podfile.lock. Run 'pod install' or update your CocoaPods installation.\" >&2\n    exit 1\nfi\n# This output is used by Xcode 'outputs' to avoid re-running this script phase.\necho \"SUCCESS\" > \"${SCRIPT_OUTPUT_FILE_0}\"\n";
			showEnvVarsInLog = 0;
		};
		CB475D30FFA5C3453C21A316 /* [CP] Embed Pods Frameworks */ = {
			isa = PBXShellScriptBuildPhase;
			buildActionMask = 2147483647;
			files = (
			);
			inputFileListPaths = (
				"${PODS_ROOT}/Target Support Files/Pods-TreasuresTests/Pods-TreasuresTests-frameworks-${CONFIGURATION}-input-files.xcfilelist",
			);
			name = "[CP] Embed Pods Frameworks";
			outputFileListPaths = (
				"${PODS_ROOT}/Target Support Files/Pods-TreasuresTests/Pods-TreasuresTests-frameworks-${CONFIGURATION}-output-files.xcfilelist",
			);
			runOnlyForDeploymentPostprocessing = 0;
			shellPath = /bin/sh;
			shellScript = "\"${PODS_ROOT}/Target Support Files/Pods-TreasuresTests/Pods-TreasuresTests-frameworks.sh\"\n";
			showEnvVarsInLog = 0;
		};
		CBBA7FD5ABB6BE23A2BA78F8 /* [CP] Embed Pods Frameworks */ = {
			isa = PBXShellScriptBuildPhase;
			buildActionMask = 2147483647;
			files = (
			);
			inputFileListPaths = (
				"${PODS_ROOT}/Target Support Files/Pods-Treasures/Pods-Treasures-frameworks-${CONFIGURATION}-input-files.xcfilelist",
			);
			name = "[CP] Embed Pods Frameworks";
			outputFileListPaths = (
				"${PODS_ROOT}/Target Support Files/Pods-Treasures/Pods-Treasures-frameworks-${CONFIGURATION}-output-files.xcfilelist",
			);
			runOnlyForDeploymentPostprocessing = 0;
			shellPath = /bin/sh;
			shellScript = "\"${PODS_ROOT}/Target Support Files/Pods-Treasures/Pods-Treasures-frameworks.sh\"\n";
			showEnvVarsInLog = 0;
		};
/* End PBXShellScriptBuildPhase section */

/* Begin PBXSourcesBuildPhase section */
		55B22B3F2397539500B738B7 /* Sources */ = {
			isa = PBXSourcesBuildPhase;
			buildActionMask = 2147483647;
			files = (
				48AA8460239CD71500A81C9F /* TreasureListCell.swift in Sources */,
				48EF5C7C23A284D300A0E8B1 /* ChooseCategorySubview.swift in Sources */,
				3D2E48FF23A66B7500DE59A2 /* PersonalCell.swift in Sources */,
				3D6D586123AA79C300AF718A /* RecycleViewController.swift in Sources */,
				552CC58B23A3BD7D00D14F21 /* TreasureDetailDTO.swift in Sources */,
				48DF59E6239CA07F0086B352 /* OrderRule.swift in Sources */,
				55AD677123AC83C200C0E5EB /* JFBubbleItem.m in Sources */,
				482ECB2F23AA583F00BFB839 /* MultiInputView.swift in Sources */,
				48AA8473239CEB6E00A81C9F /* Queryable.swift in Sources */,
				552CC58823A393F600D14F21 /* Size.swift in Sources */,
				55AD677423AC83C200C0E5EB /* JFEditBubbleView.m in Sources */,
				3D2E491D23A7E0EF00DE59A2 /* SmallCategoryCell.swift in Sources */,
				3D2E48FB23A6694D00DE59A2 /* PersonalViewController.swift in Sources */,
				55B366D223977858008F32D6 /* ViewController.swift in Sources */,
				55B22B4B2397539500B738B7 /* LoginController.swift in Sources */,
				552CC58523A393DF00D14F21 /* Category.swift in Sources */,
				55B366C723976C64008F32D6 /* EditController.swift in Sources */,
				3D2E491023A7D8BE00DE59A2 /* Global.swift in Sources */,
				55AD677D23B3B41C00C0E5EB /* CountVO.swift in Sources */,
				55B22B472397539500B738B7 /* AppDelegate.swift in Sources */,
				3DC81A9123B3BFB90050FDD2 /* StatisticsVC.swift in Sources */,
				55AD676F23AC83C200C0E5EB /* NSString+calculate.m in Sources */,
				48FB48D1239D2970005BF6B6 /* PathHandler.swift in Sources */,
				48DF59E1239C90C80086B352 /* ImageConstants.swift in Sources */,
				3D2E491723A7DE7900DE59A2 /* BigCategoryCell.swift in Sources */,
				3D2E491323A7DB7900DE59A2 /* CategoryViewController.swift in Sources */,
				3DC81A8B23B3BC360050FDD2 /* ShareView.swift in Sources */,
				48FA4FE123A7BFF1005DA01A /* CategoryRepo.swift in Sources */,
				484CA16C23994ECF00207662 /* SearchBarView.swift in Sources */,
				482ECB3823ABD0F600BFB839 /* HUDHandler.swift in Sources */,
				55AD677223AC83C200C0E5EB /* JFBubbleView.m in Sources */,
				55AD677523AC83C200C0E5EB /* DemoSelectBubbleView.m in Sources */,
				55AD677023AC83C200C0E5EB /* JFInputBubbleItem.m in Sources */,
				5548C58923B5E47400A3D10C /* KeywordsTable.swift in Sources */,
				482ECB3323AA66A500BFB839 /* SwitchSubview.swift in Sources */,
				5548C58C23B5E52C00A3D10C /* KeywordsRepo.swift in Sources */,
				3D2E491A23A7E06C00DE59A2 /* UIColor+Category.swift in Sources */,
				55B366CB23976D9F008F32D6 /* RootTabController.swift in Sources */,
				3D2E490323A6770900DE59A2 /* EditPasswordVC.swift in Sources */,
				55B366BF23975B44008F32D6 /* TreasureListController.swift in Sources */,
				55AD677323AC83C200C0E5EB /* JFSelectBubbleView.m in Sources */,
				3D0D764C23B517EE00CFFEA5 /* InviteKeyHandler.swift in Sources */,
				487455CF23993FD6002AFBF7 /* UISizeConstants.swift in Sources */,
				552CC57E23A37FB400D14F21 /* TreasureListSearchDTO.swift in Sources */,
				55B22B76239755D800B738B7 /* DBConstants.swift in Sources */,
				48C4BA6A23B4FA74001CA6D4 /* CategoryFilterView.swift in Sources */,
				55AD676E23AC83C200C0E5EB /* NSAttributedString+calculate.m in Sources */,
				553948CA23B6113300793921 /* KeywordFilterView.swift in Sources */,
				3DB2E19A23AFA60300684653 /* TreasureDetailVC.swift in Sources */,
				48AA8463239CDF7100A81C9F /* TreasureSearchHandler.swift in Sources */,
				55AD677723AC83C200C0E5EB /* DemoEditBubbleView.m in Sources */,
				3D0C53FA23B245100086D2EA /* KeywordsScrollView.swift in Sources */,
				55B22B74239755D800B738B7 /* SecondCategoryTable.swift in Sources */,
				55AD677623AC83C200C0E5EB /* JFBubbleViewController.m in Sources */,
				48DF59DD239C87420086B352 /* CategoryItem.swift in Sources */,
				55B22B75239755D800B738B7 /* FirstCategoryTable.swift in Sources */,
				55B22B77239755D800B738B7 /* TreasuresTable.swift in Sources */,
				55B22B492397539500B738B7 /* SceneDelegate.swift in Sources */,
				55AD677923B302B800C0E5EB /* SecondCategoryVO.swift in Sources */,
				48EF5C7A23A2846900A0E8B1 /* AddImagesSubview.swift in Sources */,
				484CA17123994F2500207662 /* ListFilterView.swift in Sources */,
				3D0D765023B6472F00CFFEA5 /* DateTimeUtil.swift in Sources */,
				3D78FA0423ABD33500427FF7 /* EditPopView.swift in Sources */,
				48DF59D2239B47EB0086B352 /* SortedItem.swift in Sources */,
				552CC58223A392FB00D14F21 /* EditTreasureForm.swift in Sources */,
				3D6D585C23AA761F00AF718A /* CollectedViewController.swift in Sources */,
				48EF5C8023A286B200A0E8B1 /* InputSubview.swift in Sources */,
				3D6D586623AA7DF700AF718A /* InvateViewController.swift in Sources */,
				48AA8470239CE89C00A81C9F /* TreasureRepository.swift in Sources */,
				55B22B7A239755D800B738B7 /* FontConstants.swift in Sources */,
				48FA4FE423A7D640005DA01A /* CategoryDTO.swift in Sources */,
				48DF59E3239C99F30086B352 /* FilterPreference.swift in Sources */,
				55B22B73239755D800B738B7 /* DatabaseHandler.swift in Sources */,
				5548C58523B5D14F00A3D10C /* InviteCodeUtils.swift in Sources */,
				553948CC23B6115700793921 /* KeywordItem.swift in Sources */,
				48DF59D9239BE3060086B352 /* PropertyItem.swift in Sources */,
				48FA4FE723A7D912005DA01A /* CategoryPickerView.swift in Sources */,
			);
			runOnlyForDeploymentPostprocessing = 0;
		};
		55B22B552397539800B738B7 /* Sources */ = {
			isa = PBXSourcesBuildPhase;
			buildActionMask = 2147483647;
			files = (
				5548C58D23B5E52C00A3D10C /* KeywordsRepo.swift in Sources */,
				48AA8464239CDF7700A81C9F /* TreasureSearchHandler.swift in Sources */,
				48AA846C239CE12000A81C9F /* FirstCategoryTable.swift in Sources */,
				487455D023993FD6002AFBF7 /* UISizeConstants.swift in Sources */,
				48AA846A239CE12000A81C9F /* DatabaseHandler.swift in Sources */,
				552CC58623A393DF00D14F21 /* Category.swift in Sources */,
				5548C58723B5D2B900A3D10C /* InviteCodeUtils.swift in Sources */,
				48FB48CF239D168D005BF6B6 /* OrderRule.swift in Sources */,
				552CC58C23A3BD7D00D14F21 /* TreasureDetailDTO.swift in Sources */,
				48AA8471239CE89C00A81C9F /* TreasureRepository.swift in Sources */,
				48AA8469239CE0C500A81C9F /* DBTest.swift in Sources */,
				48FB48D2239D2970005BF6B6 /* PathHandler.swift in Sources */,
				552CC58923A393F600D14F21 /* Size.swift in Sources */,
				552CC58323A392FB00D14F21 /* EditTreasureForm.swift in Sources */,
				48FB48CE239D1654005BF6B6 /* FilterPreference.swift in Sources */,
				48FA4FE223A7BFFC005DA01A /* CategoryRepo.swift in Sources */,
				5548C58A23B5E47400A3D10C /* KeywordsTable.swift in Sources */,
				55AD677A23B302B800C0E5EB /* SecondCategoryVO.swift in Sources */,
				552CC57F23A37FB400D14F21 /* TreasureListSearchDTO.swift in Sources */,
				482ECB3623AA96CB00BFB839 /* ImageConstants.swift in Sources */,
				48AA846B239CE12000A81C9F /* SecondCategoryTable.swift in Sources */,
				48AA846E239CE12000A81C9F /* TreasuresTable.swift in Sources */,
				48FA4FE523A7D640005DA01A /* CategoryDTO.swift in Sources */,
				48AA8474239CEB6E00A81C9F /* Queryable.swift in Sources */,
				55B22B5E2397539800B738B7 /* TreasuresTests.swift in Sources */,
				55AD677E23B3B41C00C0E5EB /* CountVO.swift in Sources */,
				48AA846D239CE12000A81C9F /* DBConstants.swift in Sources */,
			);
			runOnlyForDeploymentPostprocessing = 0;
		};
/* End PBXSourcesBuildPhase section */

/* Begin PBXTargetDependency section */
		55B22B5B2397539800B738B7 /* PBXTargetDependency */ = {
			isa = PBXTargetDependency;
			target = 55B22B422397539500B738B7 /* Treasures */;
			targetProxy = 55B22B5A2397539800B738B7 /* PBXContainerItemProxy */;
		};
/* End PBXTargetDependency section */

/* Begin PBXVariantGroup section */
		55B22B4C2397539500B738B7 /* Main.storyboard */ = {
			isa = PBXVariantGroup;
			children = (
				55B22B4D2397539500B738B7 /* Base */,
			);
			name = Main.storyboard;
			sourceTree = "<group>";
		};
		55B22B512397539800B738B7 /* LaunchScreen.storyboard */ = {
			isa = PBXVariantGroup;
			children = (
				55B22B522397539800B738B7 /* Base */,
			);
			name = LaunchScreen.storyboard;
			sourceTree = "<group>";
		};
/* End PBXVariantGroup section */

/* Begin XCBuildConfiguration section */
		55B22B602397539800B738B7 /* Debug */ = {
			isa = XCBuildConfiguration;
			buildSettings = {
				ALWAYS_SEARCH_USER_PATHS = NO;
				CLANG_ANALYZER_NONNULL = YES;
				CLANG_ANALYZER_NUMBER_OBJECT_CONVERSION = YES_AGGRESSIVE;
				CLANG_CXX_LANGUAGE_STANDARD = "gnu++14";
				CLANG_CXX_LIBRARY = "libc++";
				CLANG_ENABLE_MODULES = YES;
				CLANG_ENABLE_OBJC_ARC = YES;
				CLANG_ENABLE_OBJC_WEAK = YES;
				CLANG_WARN_BLOCK_CAPTURE_AUTORELEASING = YES;
				CLANG_WARN_BOOL_CONVERSION = YES;
				CLANG_WARN_COMMA = YES;
				CLANG_WARN_CONSTANT_CONVERSION = YES;
				CLANG_WARN_DEPRECATED_OBJC_IMPLEMENTATIONS = YES;
				CLANG_WARN_DIRECT_OBJC_ISA_USAGE = YES_ERROR;
				CLANG_WARN_DOCUMENTATION_COMMENTS = YES;
				CLANG_WARN_EMPTY_BODY = YES;
				CLANG_WARN_ENUM_CONVERSION = YES;
				CLANG_WARN_INFINITE_RECURSION = YES;
				CLANG_WARN_INT_CONVERSION = YES;
				CLANG_WARN_NON_LITERAL_NULL_CONVERSION = YES;
				CLANG_WARN_OBJC_IMPLICIT_RETAIN_SELF = YES;
				CLANG_WARN_OBJC_LITERAL_CONVERSION = YES;
				CLANG_WARN_OBJC_ROOT_CLASS = YES_ERROR;
				CLANG_WARN_RANGE_LOOP_ANALYSIS = YES;
				CLANG_WARN_STRICT_PROTOTYPES = YES;
				CLANG_WARN_SUSPICIOUS_MOVE = YES;
				CLANG_WARN_UNGUARDED_AVAILABILITY = YES_AGGRESSIVE;
				CLANG_WARN_UNREACHABLE_CODE = YES;
				CLANG_WARN__DUPLICATE_METHOD_MATCH = YES;
				COPY_PHASE_STRIP = NO;
				DEBUG_INFORMATION_FORMAT = dwarf;
				ENABLE_STRICT_OBJC_MSGSEND = YES;
				ENABLE_TESTABILITY = YES;
				GCC_C_LANGUAGE_STANDARD = gnu11;
				GCC_DYNAMIC_NO_PIC = NO;
				GCC_NO_COMMON_BLOCKS = YES;
				GCC_OPTIMIZATION_LEVEL = 0;
				GCC_PREPROCESSOR_DEFINITIONS = (
					"DEBUG=1",
					"$(inherited)",
				);
				GCC_WARN_64_TO_32_BIT_CONVERSION = YES;
				GCC_WARN_ABOUT_RETURN_TYPE = YES_ERROR;
				GCC_WARN_UNDECLARED_SELECTOR = YES;
				GCC_WARN_UNINITIALIZED_AUTOS = YES_AGGRESSIVE;
				GCC_WARN_UNUSED_FUNCTION = YES;
				GCC_WARN_UNUSED_VARIABLE = YES;
				IPHONEOS_DEPLOYMENT_TARGET = 11;
				MTL_ENABLE_DEBUG_INFO = INCLUDE_SOURCE;
				MTL_FAST_MATH = YES;
				ONLY_ACTIVE_ARCH = YES;
				SDKROOT = iphoneos;
				SWIFT_ACTIVE_COMPILATION_CONDITIONS = DEBUG;
				SWIFT_OPTIMIZATION_LEVEL = "-Onone";
			};
			name = Debug;
		};
		55B22B612397539800B738B7 /* Release */ = {
			isa = XCBuildConfiguration;
			buildSettings = {
				ALWAYS_SEARCH_USER_PATHS = NO;
				CLANG_ANALYZER_NONNULL = YES;
				CLANG_ANALYZER_NUMBER_OBJECT_CONVERSION = YES_AGGRESSIVE;
				CLANG_CXX_LANGUAGE_STANDARD = "gnu++14";
				CLANG_CXX_LIBRARY = "libc++";
				CLANG_ENABLE_MODULES = YES;
				CLANG_ENABLE_OBJC_ARC = YES;
				CLANG_ENABLE_OBJC_WEAK = YES;
				CLANG_WARN_BLOCK_CAPTURE_AUTORELEASING = YES;
				CLANG_WARN_BOOL_CONVERSION = YES;
				CLANG_WARN_COMMA = YES;
				CLANG_WARN_CONSTANT_CONVERSION = YES;
				CLANG_WARN_DEPRECATED_OBJC_IMPLEMENTATIONS = YES;
				CLANG_WARN_DIRECT_OBJC_ISA_USAGE = YES_ERROR;
				CLANG_WARN_DOCUMENTATION_COMMENTS = YES;
				CLANG_WARN_EMPTY_BODY = YES;
				CLANG_WARN_ENUM_CONVERSION = YES;
				CLANG_WARN_INFINITE_RECURSION = YES;
				CLANG_WARN_INT_CONVERSION = YES;
				CLANG_WARN_NON_LITERAL_NULL_CONVERSION = YES;
				CLANG_WARN_OBJC_IMPLICIT_RETAIN_SELF = YES;
				CLANG_WARN_OBJC_LITERAL_CONVERSION = YES;
				CLANG_WARN_OBJC_ROOT_CLASS = YES_ERROR;
				CLANG_WARN_RANGE_LOOP_ANALYSIS = YES;
				CLANG_WARN_STRICT_PROTOTYPES = YES;
				CLANG_WARN_SUSPICIOUS_MOVE = YES;
				CLANG_WARN_UNGUARDED_AVAILABILITY = YES_AGGRESSIVE;
				CLANG_WARN_UNREACHABLE_CODE = YES;
				CLANG_WARN__DUPLICATE_METHOD_MATCH = YES;
				COPY_PHASE_STRIP = NO;
				DEBUG_INFORMATION_FORMAT = "dwarf-with-dsym";
				ENABLE_NS_ASSERTIONS = NO;
				ENABLE_STRICT_OBJC_MSGSEND = YES;
				GCC_C_LANGUAGE_STANDARD = gnu11;
				GCC_NO_COMMON_BLOCKS = YES;
				GCC_WARN_64_TO_32_BIT_CONVERSION = YES;
				GCC_WARN_ABOUT_RETURN_TYPE = YES_ERROR;
				GCC_WARN_UNDECLARED_SELECTOR = YES;
				GCC_WARN_UNINITIALIZED_AUTOS = YES_AGGRESSIVE;
				GCC_WARN_UNUSED_FUNCTION = YES;
				GCC_WARN_UNUSED_VARIABLE = YES;
				IPHONEOS_DEPLOYMENT_TARGET = 11;
				MTL_ENABLE_DEBUG_INFO = NO;
				MTL_FAST_MATH = YES;
				SDKROOT = iphoneos;
				SWIFT_COMPILATION_MODE = wholemodule;
				SWIFT_OPTIMIZATION_LEVEL = "-O";
				VALIDATE_PRODUCT = YES;
			};
			name = Release;
		};
		55B22B632397539800B738B7 /* Debug */ = {
			isa = XCBuildConfiguration;
			baseConfigurationReference = 060206CB9AA19A20FD163988 /* Pods-Treasures.debug.xcconfig */;
			buildSettings = {
				ASSETCATALOG_COMPILER_APPICON_NAME = AppIcon;
				CODE_SIGN_ENTITLEMENTS = "Treasures/收藏管家.entitlements";
				CODE_SIGN_STYLE = Automatic;
				DEVELOPMENT_TEAM = H3XDZS8V3W;
				INFOPLIST_FILE = Treasures/Info.plist;
				LD_RUNPATH_SEARCH_PATHS = (
					"$(inherited)",
					"@executable_path/Frameworks",
				);
				PRODUCT_BUNDLE_IDENTIFIER = com.joanfen.Treasures;
				PRODUCT_NAME = "收藏管家";
				SWIFT_OBJC_BRIDGING_HEADER = "Treasures/Treasures-Bridging-Header.h";
				SWIFT_VERSION = 5.0;
				TARGETED_DEVICE_FAMILY = "1,2";
			};
			name = Debug;
		};
		55B22B642397539800B738B7 /* Release */ = {
			isa = XCBuildConfiguration;
			baseConfigurationReference = 4824F4F9ECDF53CC6D022612 /* Pods-Treasures.release.xcconfig */;
			buildSettings = {
				ASSETCATALOG_COMPILER_APPICON_NAME = AppIcon;
				CODE_SIGN_ENTITLEMENTS = "Treasures/收藏管家.entitlements";
				CODE_SIGN_STYLE = Automatic;
				DEVELOPMENT_TEAM = H3XDZS8V3W;
				INFOPLIST_FILE = Treasures/Info.plist;
				LD_RUNPATH_SEARCH_PATHS = (
					"$(inherited)",
					"@executable_path/Frameworks",
				);
				PRODUCT_BUNDLE_IDENTIFIER = com.joanfen.Treasures;
				PRODUCT_NAME = "收藏管家";
				SWIFT_OBJC_BRIDGING_HEADER = "Treasures/Treasures-Bridging-Header.h";
				SWIFT_VERSION = 5.0;
				TARGETED_DEVICE_FAMILY = "1,2";
			};
			name = Release;
		};
		55B22B662397539800B738B7 /* Debug */ = {
			isa = XCBuildConfiguration;
			baseConfigurationReference = 8E35E5F703EC30F41A51363D /* Pods-TreasuresTests.debug.xcconfig */;
			buildSettings = {
				ALWAYS_EMBED_SWIFT_STANDARD_LIBRARIES = YES;
				BUNDLE_LOADER = "$(TEST_HOST)";
				CODE_SIGN_STYLE = Automatic;
				DEVELOPMENT_TEAM = H3XDZS8V3W;
				INFOPLIST_FILE = TreasuresTests/Info.plist;
				IPHONEOS_DEPLOYMENT_TARGET = 13.2;
				LD_RUNPATH_SEARCH_PATHS = (
					"$(inherited)",
					"@executable_path/Frameworks",
					"@loader_path/Frameworks",
				);
				PRODUCT_BUNDLE_IDENTIFIER = com.joanfen.TreasuresTests;
				PRODUCT_NAME = "$(TARGET_NAME)";
				SWIFT_VERSION = 5.0;
				TARGETED_DEVICE_FAMILY = "1,2";
				TEST_HOST = "$(BUILT_PRODUCTS_DIR)/收藏管家.app/收藏管家";
			};
			name = Debug;
		};
		55B22B672397539800B738B7 /* Release */ = {
			isa = XCBuildConfiguration;
			baseConfigurationReference = 108FC4269D72CCE6914D92A7 /* Pods-TreasuresTests.release.xcconfig */;
			buildSettings = {
				ALWAYS_EMBED_SWIFT_STANDARD_LIBRARIES = YES;
				BUNDLE_LOADER = "$(TEST_HOST)";
				CODE_SIGN_STYLE = Automatic;
				DEVELOPMENT_TEAM = H3XDZS8V3W;
				INFOPLIST_FILE = TreasuresTests/Info.plist;
				IPHONEOS_DEPLOYMENT_TARGET = 13.2;
				LD_RUNPATH_SEARCH_PATHS = (
					"$(inherited)",
					"@executable_path/Frameworks",
					"@loader_path/Frameworks",
				);
				PRODUCT_BUNDLE_IDENTIFIER = com.joanfen.TreasuresTests;
				PRODUCT_NAME = "$(TARGET_NAME)";
				SWIFT_VERSION = 5.0;
				TARGETED_DEVICE_FAMILY = "1,2";
				TEST_HOST = "$(BUILT_PRODUCTS_DIR)/收藏管家.app/收藏管家";
			};
			name = Release;
		};
/* End XCBuildConfiguration section */

/* Begin XCConfigurationList section */
		55B22B3E2397539500B738B7 /* Build configuration list for PBXProject "Treasures" */ = {
			isa = XCConfigurationList;
			buildConfigurations = (
				55B22B602397539800B738B7 /* Debug */,
				55B22B612397539800B738B7 /* Release */,
			);
			defaultConfigurationIsVisible = 0;
			defaultConfigurationName = Release;
		};
		55B22B622397539800B738B7 /* Build configuration list for PBXNativeTarget "Treasures" */ = {
			isa = XCConfigurationList;
			buildConfigurations = (
				55B22B632397539800B738B7 /* Debug */,
				55B22B642397539800B738B7 /* Release */,
			);
			defaultConfigurationIsVisible = 0;
			defaultConfigurationName = Release;
		};
		55B22B652397539800B738B7 /* Build configuration list for PBXNativeTarget "TreasuresTests" */ = {
			isa = XCConfigurationList;
			buildConfigurations = (
				55B22B662397539800B738B7 /* Debug */,
				55B22B672397539800B738B7 /* Release */,
			);
			defaultConfigurationIsVisible = 0;
			defaultConfigurationName = Release;
		};
/* End XCConfigurationList section */
	};
	rootObject = 55B22B3B2397539500B738B7 /* Project object */;
}
